PODS:
  - Automattic-Tracks-iOS (0.1.2):
    - CocoaLumberjack (~> 3.2.0)
    - Reachability (~> 3.1)
    - UIDeviceIdentifier (~> 0.4)
  - CocoaLumberjack (3.2.0):
    - CocoaLumberjack/Default (= 3.2.0)
    - CocoaLumberjack/Extensions (= 3.2.0)
  - CocoaLumberjack/Default (3.2.0)
  - CocoaLumberjack/Extensions (3.2.0):
    - CocoaLumberjack/Default
  - Reachability (3.2)
  - UIDeviceIdentifier (0.5.0)

DEPENDENCIES:
  - Automattic-Tracks-iOS (from `../`)

EXTERNAL SOURCES:
  Automattic-Tracks-iOS:
    :path: "../"

SPEC CHECKSUMS:
  Automattic-Tracks-iOS: bc0cd6de71d4c1639ac39f2815687766bb9cb9e9
  CocoaLumberjack: 9b4aed7073d242f29cc2f62068d995faf67f703a
  Reachability: 33e18b67625424e47b6cde6d202dce689ad7af96
  UIDeviceIdentifier: a959a6d4f51036b4180dd31fb26483a820f1cc46

PODFILE CHECKSUM: 8c89368d8fc0e0e1f3c20352bc5a953098d83bb7

COCOAPODS: 1.2.1
