PODS:
  - Automattic-Tracks-iOS (0.0.3):
    - CocoaLumberjack (~> 2.0)
    - UIDeviceIdentifier (~> 0.4)
  - CocoaLumberjack (2.0.0):
    - CocoaLumberjack/Default (= 2.0.0)
    - CocoaLumberjack/Extensions (= 2.0.0)
  - CocoaLumberjack/Core (2.0.0)
  - CocoaLumberjack/Default (2.0.0):
    - CocoaLumberjack/Core
  - CocoaLumberjack/Extensions (2.0.0):
    - CocoaLumberjack/Default
  - UIDeviceIdentifier (0.4.4)

DEPENDENCIES:
  - Automattic-Tracks-iOS (from `../`)

EXTERNAL SOURCES:
  Automattic-Tracks-iOS:
    :path: ../

SPEC CHECKSUMS:
  Automattic-Tracks-iOS: a19a0e9cf6c6b788d1c8ac89eda08855c4fd5ce9
  CocoaLumberjack: a6f77d987d65dc7ba86b0f84db7d0b9084f77bcb
  UIDeviceIdentifier: 2eb1070f189a069184611e21b5e8832443e6f8ec

COCOAPODS: 0.37.1
