{
  "object": {
    "pins": [
      {
        "package": "OCMock",
        "repositoryURL": "https://github.com/erikdoe/ocmock",
        "state": {
          "branch": "master",
          "revision": "b9c7fb949d7afc7087165b9c57fb5d7ddbe2ce4d",
          "version": null
        }
      },
      {
        "package": "OHHTTPStubs",
        "repositoryURL": "https://github.com/AliSoftware/OHHTTPStubs",
        "state": {
          "branch": null,
          "revision": "12f19662426d0434d6c330c6974d53e2eb10ecd9",
          "version": "9.1.0"
        }
      },
      {
        "package": "Sentry",
        "repositoryURL": "https://github.com/getsentry/sentry-cocoa",
        "state": {
          "branch": null,
          "revision": "c85564d7c92adb28f7ee15e2d758b67d7bfd06bd",
          "version": "8.3.0"
        }
      },
      {
        "package": "Sodium",
        "repositoryURL": "https://github.com/jedisct1/swift-sodium",
        "state": {
          "branch": null,
          "revision": "4f9164a0a2c9a6a7ff53a2833d54a5c79c957342",
          "version": "0.9.1"
        }
      },
      {
        "package": "BuildkiteTestCollector",
        "repositoryURL": "https://github.com/buildkite/test-collector-swift",
        "state": {
          "branch": null,
          "revision": "77c7f492f5c1c9ca159f73d18f56bbd1186390b0",
          "version": "0.3.0"
        }
      },
      {
        "package": "UIDeviceIdentifier",
        "repositoryURL": "https://github.com/squarefrog/UIDeviceIdentifier",
        "state": {
          "branch": null,
          "revision": "6a1f66c676f327e6741066147468928555f5d6af",
          "version": "2.0.0"
        }
      }
    ]
  },
  "version": 1
}
