PODS:
  - CocoaLumberjack (3.5.3):
    - CocoaLumberjack/Core (= 3.5.3)
  - CocoaLumberjack/Core (3.5.3)
  - OCMock (3.4.3)
  - OHHTTPStubs (8.0.0):
    - OHHTTPStubs/Default (= 8.0.0)
  - OHHTTPStubs/Core (8.0.0)
  - OHHTTPStubs/Default (8.0.0):
    - OHHTTPStubs/Core
    - OHHTTPStubs/JSON
    - OHHTTPStubs/NSURLSession
    - OHHTTPStubs/OHPathHelpers
  - OHHTTPStubs/JSON (8.0.0):
    - OHHTTPStubs/Core
  - OHHTTPStubs/NSURLSession (8.0.0):
    - OHHTTPStubs/Core
  - OHHTTPStubs/OHPathHelpers (8.0.0)
  - OHHTTPStubs/Swift (8.0.0):
    - OHHTTPStubs/Default
  - Reachability (3.2)
  - Sentry (4.4.2):
    - Sentry/Core (= 4.4.2)
  - Sentry/Core (4.4.2)
  - UIDeviceIdentifier (1.4.0)

DEPENDENCIES:
  - CocoaLumberjack (~> 3.5.2)
  - OCMock (~> 3.4.3)
  - OHHTTPStubs
  - OHHTTPStubs/Swift
  - Reachability (~> 3.1)
  - Sentry (~> 4)
  - UIDeviceIdentifier (~> 1)

SPEC REPOS:
  trunk:
    - CocoaLumberjack
    - OCMock
    - OHHTTPStubs
    - Reachability
    - Sentry
    - UIDeviceIdentifier

SPEC CHECKSUMS:
  CocoaLumberjack: 2f44e60eb91c176d471fdba43b9e3eae6a721947
  OCMock: 43565190abc78977ad44a61c0d20d7f0784d35ab
  OHHTTPStubs: 9cbce6364bec557cc3439aa6bb7514670d780881
  Reachability: 33e18b67625424e47b6cde6d202dce689ad7af96
  Sentry: bba998b0fb157fdd6596aa73290a9d67ae47be79
  UIDeviceIdentifier: 44f805037d21b94394821828f4fcaba34b38c2d0

PODFILE CHECKSUM: d59f204fe9cd6d04bab3143cb435eccc76d7bbd0

COCOAPODS: 1.8.4
