PODS:
  - CocoaLumberjack (2.0.0):
    - CocoaLumberjack/Default (= 2.0.0)
    - CocoaLumberjack/Extensions (= 2.0.0)
  - CocoaLumberjack/Core (2.0.0)
  - CocoaLumberjack/Default (2.0.0):
    - CocoaLumberjack/Core
  - CocoaLumberjack/Extensions (2.0.0):
    - CocoaLumberjack/Default
  - OCMock (3.1.5)
  - Reachability (3.2)
  - UIDeviceIdentifier (0.4.5)

DEPENDENCIES:
  - CocoaLumberjack (= 2.0.0)
  - OCMock
  - Reachability (~> 3.1)
  - UIDeviceIdentifier (~> 0.4)

SPEC CHECKSUMS:
  CocoaLumberjack: a6f77d987d65dc7ba86b0f84db7d0b9084f77bcb
  OCMock: 4c2925291f80407c3738dd1db14d21d0cc278864
  Reachability: 33e18b67625424e47b6cde6d202dce689ad7af96
  UIDeviceIdentifier: f7b32c087f4d4957badbb6181a4c78520c5806ae

PODFILE CHECKSUM: 0ebc3ff5ee3ea80e559ac076d6840848b53109e8

COCOAPODS: 1.0.0
