{
  "object": {
    "pins": [
      {
        "package": "CocoaLumberjack",
        "repositoryURL": "https://github.com/CocoaLumberjack/CocoaLumberjack.git",
        "state": {
          "branch": null,
          "revision": "0188d31089b5881a269e01777be74c7316924346",
          "version": "3.8.0"
        }
      },
      {
        "package": "OCMock",
        "repositoryURL": "https://github.com/erikdoe/ocmock",
        "state": {
          "branch": "master",
          "revision": "b9c7fb949d7afc7087165b9c57fb5d7ddbe2ce4d",
          "version": null
        }
      },
      {
        "package": "OHHTTPStubs",
        "repositoryURL": "https://github.com/AliSoftware/OHHTTPStubs",
        "state": {
          "branch": null,
          "revision": "12f19662426d0434d6c330c6974d53e2eb10ecd9",
          "version": "9.1.0"
        }
      },
      {
        "package": "Sentry",
        "repositoryURL": "https://github.com/getsentry/sentry-cocoa",
        "state": {
          "branch": null,
          "revision": "9cf7d2e514af1600cc2b3c5592e2848c6c5a76d6",
          "version": "8.7.3"
        }
      },
      {
        "package": "swift-log",
        "repositoryURL": "https://github.com/apple/swift-log.git",
        "state": {
          "branch": null,
          "revision": "32e8d724467f8fe623624570367e3d50c5638e46",
          "version": "1.5.2"
        }
      },
      {
        "package": "Sodium",
        "repositoryURL": "https://github.com/jedisct1/swift-sodium",
        "state": {
          "branch": null,
          "revision": "4f9164a0a2c9a6a7ff53a2833d54a5c79c957342",
          "version": "0.9.1"
        }
      },
      {
        "package": "BuildkiteTestCollector",
        "repositoryURL": "https://github.com/buildkite/test-collector-swift",
        "state": {
          "branch": null,
          "revision": "6e46839e1a4507ee047acd0896e29b9b278d9e3a",
          "version": "0.4.0"
        }
      },
      {
        "package": "UIDeviceIdentifier",
        "repositoryURL": "https://github.com/squarefrog/UIDeviceIdentifier",
        "state": {
          "branch": null,
          "revision": "4699794b08bb79a4d77785edaba6ea739e298e4b",
          "version": "2.3.0"
        }
      }
    ]
  },
  "version": 1
}
