// !$*UTF8*$!
{
	archiveVersion = 1;
	classes = {
	};
	objectVersion = 46;
	objects = {

/* Begin PBXBuildFile section */
		4FE1FBB22B5CC44AC0EC7CBF /* Pods_Automattic_Tracks_OSX.framework in Frameworks */ = {isa = PBXBuildFile; fileRef = 6D834F2F168F81BD31598B29 /* Pods_Automattic_Tracks_OSX.framework */; };
		66B4025E8CC43C3928D21D6A /* Pods_Automattic_Tracks_iOSTests.framework in Frameworks */ = {isa = PBXBuildFile; fileRef = DCA23FA76778DD4D62989FD4 /* Pods_Automattic_Tracks_iOSTests.framework */; };
		89284FEF37B307C0A99A81E5 /* Pods_Automattic_Tracks_OSXTests.framework in Frameworks */ = {isa = PBXBuildFile; fileRef = 519B82281CDF10E002CD67A7 /* Pods_Automattic_Tracks_OSXTests.framework */; };
		93B5C7AE1CE25D40002820B3 /* Automattic-Tracks-iOS.h in Headers */ = {isa = PBXBuildFile; fileRef = 93B5C7AD1CE25D40002820B3 /* Automattic-Tracks-iOS.h */; settings = {ATTRIBUTES = (Public, ); }; };
		93B5C7B51CE25D40002820B3 /* AutomatticTracks.framework in Frameworks */ = {isa = PBXBuildFile; fileRef = 93B5C7AB1CE25D40002820B3 /* AutomatticTracks.framework */; };
		93B5C7C21CE25D66002820B3 /* TracksLoggingPrivate.m in Sources */ = {isa = PBXBuildFile; fileRef = 93B5C7681CE230AD002820B3 /* TracksLoggingPrivate.m */; };
		93B5C7CB1CE25D66002820B3 /* TracksConstants.m in Sources */ = {isa = PBXBuildFile; fileRef = 9339E70B1ADE98B800AEAB68 /* TracksConstants.m */; };
		93B5C7CC1CE25D66002820B3 /* TracksLogging.m in Sources */ = {isa = PBXBuildFile; fileRef = 93B5C7641CE2303D002820B3 /* TracksLogging.m */; };
		93B5C7CD1CE25D7D002820B3 /* TracksLoggingPrivate.h in Headers */ = {isa = PBXBuildFile; fileRef = 93B5C7671CE230AD002820B3 /* TracksLoggingPrivate.h */; };
		93B5C7D61CE25D7D002820B3 /* TracksConstants.h in Headers */ = {isa = PBXBuildFile; fileRef = 9339E70A1ADE98B800AEAB68 /* TracksConstants.h */; };
		93B5C7D71CE25D7D002820B3 /* TracksLogging.h in Headers */ = {isa = PBXBuildFile; fileRef = E1DBEA181C07071300FF2F73 /* TracksLogging.h */; };
		F65C4895BA44D4556D4A3693 /* Pods_Automattic_Tracks_iOS.framework in Frameworks */ = {isa = PBXBuildFile; fileRef = F12BA01F12FA7A9559D69764 /* Pods_Automattic_Tracks_iOS.framework */; };
		F9117199240F20F0009A1EC0 /* LogEncryptor.swift in Sources */ = {isa = PBXBuildFile; fileRef = F9117198240F20F0009A1EC0 /* LogEncryptor.swift */; };
		F911719A240F20F0009A1EC0 /* LogEncryptor.swift in Sources */ = {isa = PBXBuildFile; fileRef = F9117198240F20F0009A1EC0 /* LogEncryptor.swift */; };
		F9445639242965E7009A36B3 /* EventLoggingDataSource.swift in Sources */ = {isa = PBXBuildFile; fileRef = F9445635242965E7009A36B3 /* EventLoggingDataSource.swift */; };
		F944563A242965E7009A36B3 /* EventLoggingDataSource.swift in Sources */ = {isa = PBXBuildFile; fileRef = F9445635242965E7009A36B3 /* EventLoggingDataSource.swift */; };
		F944563B242965E7009A36B3 /* EventLoggingDelegate.swift in Sources */ = {isa = PBXBuildFile; fileRef = F9445636242965E7009A36B3 /* EventLoggingDelegate.swift */; };
		F944563C242965E7009A36B3 /* EventLoggingDelegate.swift in Sources */ = {isa = PBXBuildFile; fileRef = F9445636242965E7009A36B3 /* EventLoggingDelegate.swift */; };
		F944563D242965E7009A36B3 /* EventLoggingUploadManager.swift in Sources */ = {isa = PBXBuildFile; fileRef = F9445637242965E7009A36B3 /* EventLoggingUploadManager.swift */; };
		F944563E242965E7009A36B3 /* EventLoggingUploadManager.swift in Sources */ = {isa = PBXBuildFile; fileRef = F9445637242965E7009A36B3 /* EventLoggingUploadManager.swift */; };
		F9445642242965F6009A36B3 /* FileManager+Extensions.swift in Sources */ = {isa = PBXBuildFile; fileRef = F9445641242965F6009A36B3 /* FileManager+Extensions.swift */; };
		F9445643242965F6009A36B3 /* FileManager+Extensions.swift in Sources */ = {isa = PBXBuildFile; fileRef = F9445641242965F6009A36B3 /* FileManager+Extensions.swift */; };
		F94456462429660F009A36B3 /* EventLoggingUploadQueue.swift in Sources */ = {isa = PBXBuildFile; fileRef = F94456442429660E009A36B3 /* EventLoggingUploadQueue.swift */; };
		F94456472429660F009A36B3 /* EventLoggingUploadQueue.swift in Sources */ = {isa = PBXBuildFile; fileRef = F94456442429660E009A36B3 /* EventLoggingUploadQueue.swift */; };
		F94456482429660F009A36B3 /* EventLoggingNetworkService.swift in Sources */ = {isa = PBXBuildFile; fileRef = F94456452429660E009A36B3 /* EventLoggingNetworkService.swift */; };
		F94456492429660F009A36B3 /* EventLoggingNetworkService.swift in Sources */ = {isa = PBXBuildFile; fileRef = F94456452429660E009A36B3 /* EventLoggingNetworkService.swift */; };
		F944564B24296625009A36B3 /* EventLoggingFileUploadError.swift in Sources */ = {isa = PBXBuildFile; fileRef = F944564A24296625009A36B3 /* EventLoggingFileUploadError.swift */; };
		F944564C24296625009A36B3 /* EventLoggingFileUploadError.swift in Sources */ = {isa = PBXBuildFile; fileRef = F944564A24296625009A36B3 /* EventLoggingFileUploadError.swift */; };
		F94456522429666B009A36B3 /* EventLoggingUploadManagerTests.swift in Sources */ = {isa = PBXBuildFile; fileRef = F944564E2429666B009A36B3 /* EventLoggingUploadManagerTests.swift */; };
		F94456552429666B009A36B3 /* EventLoggingUploadQueueTests.swift in Sources */ = {isa = PBXBuildFile; fileRef = F94456512429666B009A36B3 /* EventLoggingUploadQueueTests.swift */; };
		F944565724296684009A36B3 /* EventLoggingUploadManagerTests.swift in Sources */ = {isa = PBXBuildFile; fileRef = F944564E2429666B009A36B3 /* EventLoggingUploadManagerTests.swift */; };
		F944565824296684009A36B3 /* EventLoggingUploadQueueTests.swift in Sources */ = {isa = PBXBuildFile; fileRef = F94456512429666B009A36B3 /* EventLoggingUploadQueueTests.swift */; };
		F944565B24296698009A36B3 /* Mocks.swift in Sources */ = {isa = PBXBuildFile; fileRef = F944565A24296698009A36B3 /* Mocks.swift */; };
		F944565C24296698009A36B3 /* Mocks.swift in Sources */ = {isa = PBXBuildFile; fileRef = F944565A24296698009A36B3 /* Mocks.swift */; };
		F949B1E82429681A0069FF76 /* LogEncryptionTests.swift in Sources */ = {isa = PBXBuildFile; fileRef = F949B1E72429681A0069FF76 /* LogEncryptionTests.swift */; };
		F949B1E92429681A0069FF76 /* LogEncryptionTests.swift in Sources */ = {isa = PBXBuildFile; fileRef = F949B1E72429681A0069FF76 /* LogEncryptionTests.swift */; };
		F94EE62C242C4C280015C18E /* LogFileTests.swift in Sources */ = {isa = PBXBuildFile; fileRef = F94EE62B242C4C280015C18E /* LogFileTests.swift */; };
		F94EE62D242C4C280015C18E /* LogFileTests.swift in Sources */ = {isa = PBXBuildFile; fileRef = F94EE62B242C4C280015C18E /* LogFileTests.swift */; };
		F94EE632242D000E0015C18E /* EventLoggingNetworkServiceTests.swift in Sources */ = {isa = PBXBuildFile; fileRef = F94EE631242D000E0015C18E /* EventLoggingNetworkServiceTests.swift */; };
		F94EE633242D000E0015C18E /* EventLoggingNetworkServiceTests.swift in Sources */ = {isa = PBXBuildFile; fileRef = F94EE631242D000E0015C18E /* EventLoggingNetworkServiceTests.swift */; };
		F94EE635242D017D0015C18E /* NetworkRequestMocks.swift in Sources */ = {isa = PBXBuildFile; fileRef = F94EE634242D017D0015C18E /* NetworkRequestMocks.swift */; };
		F94EE636242D017D0015C18E /* NetworkRequestMocks.swift in Sources */ = {isa = PBXBuildFile; fileRef = F94EE634242D017D0015C18E /* NetworkRequestMocks.swift */; };
		F970F41E21E7BBD8000664D2 /* Automattic_Tracks_OSXTests.m in Sources */ = {isa = PBXBuildFile; fileRef = F970F41D21E7BBD8000664D2 /* Automattic_Tracks_OSXTests.m */; };
		F970F42021E7BBD8000664D2 /* AutomatticTracks.framework in Frameworks */ = {isa = PBXBuildFile; fileRef = F9A117B121E69B41002A5CD8 /* AutomatticTracks.framework */; };
		F9788D8E24219D66000A9BB5 /* LogFile.swift in Sources */ = {isa = PBXBuildFile; fileRef = F9788D8124219D66000A9BB5 /* LogFile.swift */; };
		F9788D8F24219D66000A9BB5 /* LogFile.swift in Sources */ = {isa = PBXBuildFile; fileRef = F9788D8124219D66000A9BB5 /* LogFile.swift */; };
		F9788D9024219D66000A9BB5 /* TracksEvent.m in Sources */ = {isa = PBXBuildFile; fileRef = F9788D8224219D66000A9BB5 /* TracksEvent.m */; };
		F9788D9124219D66000A9BB5 /* TracksEvent.m in Sources */ = {isa = PBXBuildFile; fileRef = F9788D8224219D66000A9BB5 /* TracksEvent.m */; };
		F9788D9224219D66000A9BB5 /* TracksDeviceInformation.m in Sources */ = {isa = PBXBuildFile; fileRef = F9788D8324219D66000A9BB5 /* TracksDeviceInformation.m */; };
		F9788D9324219D66000A9BB5 /* TracksDeviceInformation.m in Sources */ = {isa = PBXBuildFile; fileRef = F9788D8324219D66000A9BB5 /* TracksDeviceInformation.m */; };
		F9788D9424219D66000A9BB5 /* TracksEventCoreData.h in Headers */ = {isa = PBXBuildFile; fileRef = F9788D8524219D66000A9BB5 /* TracksEventCoreData.h */; };
		F9788D9524219D66000A9BB5 /* TracksEventCoreData.h in Headers */ = {isa = PBXBuildFile; fileRef = F9788D8524219D66000A9BB5 /* TracksEventCoreData.h */; };
		F9788D9624219D66000A9BB5 /* TracksContextManager.h in Headers */ = {isa = PBXBuildFile; fileRef = F9788D8624219D66000A9BB5 /* TracksContextManager.h */; };
		F9788D9724219D66000A9BB5 /* TracksContextManager.h in Headers */ = {isa = PBXBuildFile; fileRef = F9788D8624219D66000A9BB5 /* TracksContextManager.h */; };
		F9788D9824219D66000A9BB5 /* TracksEventCoreData.m in Sources */ = {isa = PBXBuildFile; fileRef = F9788D8724219D66000A9BB5 /* TracksEventCoreData.m */; };
		F9788D9924219D66000A9BB5 /* TracksEventCoreData.m in Sources */ = {isa = PBXBuildFile; fileRef = F9788D8724219D66000A9BB5 /* TracksEventCoreData.m */; };
		F9788D9A24219D66000A9BB5 /* Tracks.xcdatamodeld in Sources */ = {isa = PBXBuildFile; fileRef = F9788D8824219D66000A9BB5 /* Tracks.xcdatamodeld */; };
		F9788D9C24219D66000A9BB5 /* TracksContextManager.m in Sources */ = {isa = PBXBuildFile; fileRef = F9788D8A24219D66000A9BB5 /* TracksContextManager.m */; };
		F9788D9D24219D66000A9BB5 /* TracksContextManager.m in Sources */ = {isa = PBXBuildFile; fileRef = F9788D8A24219D66000A9BB5 /* TracksContextManager.m */; };
		F9788D9E24219D66000A9BB5 /* TracksUser.swift in Sources */ = {isa = PBXBuildFile; fileRef = F9788D8B24219D66000A9BB5 /* TracksUser.swift */; };
		F9788D9F24219D66000A9BB5 /* TracksUser.swift in Sources */ = {isa = PBXBuildFile; fileRef = F9788D8B24219D66000A9BB5 /* TracksUser.swift */; };
		F9788DA024219D66000A9BB5 /* TracksEvent.h in Headers */ = {isa = PBXBuildFile; fileRef = F9788D8C24219D66000A9BB5 /* TracksEvent.h */; };
		F9788DA124219D66000A9BB5 /* TracksEvent.h in Headers */ = {isa = PBXBuildFile; fileRef = F9788D8C24219D66000A9BB5 /* TracksEvent.h */; };
		F9788DA224219D66000A9BB5 /* TracksDeviceInformation.h in Headers */ = {isa = PBXBuildFile; fileRef = F9788D8D24219D66000A9BB5 /* TracksDeviceInformation.h */; };
		F9788DA324219D66000A9BB5 /* TracksDeviceInformation.h in Headers */ = {isa = PBXBuildFile; fileRef = F9788D8D24219D66000A9BB5 /* TracksDeviceInformation.h */; };
		F9788DA72421A2BF000A9BB5 /* CrashLogging.swift in Sources */ = {isa = PBXBuildFile; fileRef = F9788DA52421A2BF000A9BB5 /* CrashLogging.swift */; };
		F9788DA82421A2BF000A9BB5 /* CrashLogging.swift in Sources */ = {isa = PBXBuildFile; fileRef = F9788DA52421A2BF000A9BB5 /* CrashLogging.swift */; };
		F9788DA92421A2BF000A9BB5 /* CrashLoggingDataProvider.swift in Sources */ = {isa = PBXBuildFile; fileRef = F9788DA62421A2BF000A9BB5 /* CrashLoggingDataProvider.swift */; };
		F9788DAA2421A2BF000A9BB5 /* CrashLoggingDataProvider.swift in Sources */ = {isa = PBXBuildFile; fileRef = F9788DA62421A2BF000A9BB5 /* CrashLoggingDataProvider.swift */; };
		F9788DD72421B4EF000A9BB5 /* TracksEventPersistenceService.m in Sources */ = {isa = PBXBuildFile; fileRef = F9788DCD2421B4EF000A9BB5 /* TracksEventPersistenceService.m */; };
		F9788DD82421B4EF000A9BB5 /* TracksEventPersistenceService.m in Sources */ = {isa = PBXBuildFile; fileRef = F9788DCD2421B4EF000A9BB5 /* TracksEventPersistenceService.m */; };
		F9788DD92421B4EF000A9BB5 /* TracksService.m in Sources */ = {isa = PBXBuildFile; fileRef = F9788DCE2421B4EF000A9BB5 /* TracksService.m */; };
		F9788DDA2421B4EF000A9BB5 /* TracksService.m in Sources */ = {isa = PBXBuildFile; fileRef = F9788DCE2421B4EF000A9BB5 /* TracksService.m */; };
		F9788DDB2421B4EF000A9BB5 /* TracksServiceRemote.m in Sources */ = {isa = PBXBuildFile; fileRef = F9788DCF2421B4EF000A9BB5 /* TracksServiceRemote.m */; };
		F9788DDC2421B4EF000A9BB5 /* TracksServiceRemote.m in Sources */ = {isa = PBXBuildFile; fileRef = F9788DCF2421B4EF000A9BB5 /* TracksServiceRemote.m */; };
		F9788DDD2421B4EF000A9BB5 /* WatchSessionManager.h in Headers */ = {isa = PBXBuildFile; fileRef = F9788DD02421B4EF000A9BB5 /* WatchSessionManager.h */; };
		F9788DDE2421B4EF000A9BB5 /* WatchSessionManager.h in Headers */ = {isa = PBXBuildFile; fileRef = F9788DD02421B4EF000A9BB5 /* WatchSessionManager.h */; };
		F9788DDF2421B4EF000A9BB5 /* TracksEventService.h in Headers */ = {isa = PBXBuildFile; fileRef = F9788DD12421B4EF000A9BB5 /* TracksEventService.h */; };
		F9788DE02421B4EF000A9BB5 /* TracksEventService.h in Headers */ = {isa = PBXBuildFile; fileRef = F9788DD12421B4EF000A9BB5 /* TracksEventService.h */; };
		F9788DE12421B4EF000A9BB5 /* TracksEventPersistenceService.h in Headers */ = {isa = PBXBuildFile; fileRef = F9788DD22421B4EF000A9BB5 /* TracksEventPersistenceService.h */; };
		F9788DE22421B4EF000A9BB5 /* TracksEventPersistenceService.h in Headers */ = {isa = PBXBuildFile; fileRef = F9788DD22421B4EF000A9BB5 /* TracksEventPersistenceService.h */; };
		F9788DE32421B4EF000A9BB5 /* TracksService.h in Headers */ = {isa = PBXBuildFile; fileRef = F9788DD32421B4EF000A9BB5 /* TracksService.h */; };
		F9788DE42421B4EF000A9BB5 /* TracksService.h in Headers */ = {isa = PBXBuildFile; fileRef = F9788DD32421B4EF000A9BB5 /* TracksService.h */; };
		F9788DE52421B4EF000A9BB5 /* TracksEventService.m in Sources */ = {isa = PBXBuildFile; fileRef = F9788DD42421B4EF000A9BB5 /* TracksEventService.m */; };
		F9788DE62421B4EF000A9BB5 /* TracksEventService.m in Sources */ = {isa = PBXBuildFile; fileRef = F9788DD42421B4EF000A9BB5 /* TracksEventService.m */; };
		F9788DE72421B4EF000A9BB5 /* WatchSessionManager.m in Sources */ = {isa = PBXBuildFile; fileRef = F9788DD52421B4EF000A9BB5 /* WatchSessionManager.m */; };
		F9788DE82421B4EF000A9BB5 /* WatchSessionManager.m in Sources */ = {isa = PBXBuildFile; fileRef = F9788DD52421B4EF000A9BB5 /* WatchSessionManager.m */; };
		F9788DE92421B4EF000A9BB5 /* TracksServiceRemote.h in Headers */ = {isa = PBXBuildFile; fileRef = F9788DD62421B4EF000A9BB5 /* TracksServiceRemote.h */; };
		F9788DEA2421B4EF000A9BB5 /* TracksServiceRemote.h in Headers */ = {isa = PBXBuildFile; fileRef = F9788DD62421B4EF000A9BB5 /* TracksServiceRemote.h */; };
		F99D03212422D9B70091C33E /* Extensions.swift in Sources */ = {isa = PBXBuildFile; fileRef = F99D031C2422D9B70091C33E /* Extensions.swift */; };
		F99D03222422D9B70091C33E /* Extensions.swift in Sources */ = {isa = PBXBuildFile; fileRef = F99D031C2422D9B70091C33E /* Extensions.swift */; };
		F99D03232422D9B70091C33E /* LogFile+TestHelpers.swift in Sources */ = {isa = PBXBuildFile; fileRef = F99D031D2422D9B70091C33E /* LogFile+TestHelpers.swift */; };
		F99D03242422D9B70091C33E /* LogFile+TestHelpers.swift in Sources */ = {isa = PBXBuildFile; fileRef = F99D031D2422D9B70091C33E /* LogFile+TestHelpers.swift */; };
		F99D03272422D9B70091C33E /* EncryptedLog.swift in Sources */ = {isa = PBXBuildFile; fileRef = F99D031F2422D9B70091C33E /* EncryptedLog.swift */; };
		F99D03282422D9B70091C33E /* EncryptedLog.swift in Sources */ = {isa = PBXBuildFile; fileRef = F99D031F2422D9B70091C33E /* EncryptedLog.swift */; };
		F99D03292422D9B70091C33E /* TestTracksContextManager.m in Sources */ = {isa = PBXBuildFile; fileRef = F99D03202422D9B70091C33E /* TestTracksContextManager.m */; };
		F99D032A2422D9B70091C33E /* TestTracksContextManager.m in Sources */ = {isa = PBXBuildFile; fileRef = F99D03202422D9B70091C33E /* TestTracksContextManager.m */; };
		F99D03342422D9F30091C33E /* CrashLoggingTests.swift in Sources */ = {isa = PBXBuildFile; fileRef = F99D032C2422D9F30091C33E /* CrashLoggingTests.swift */; };
		F99D03352422D9F30091C33E /* CrashLoggingTests.swift in Sources */ = {isa = PBXBuildFile; fileRef = F99D032C2422D9F30091C33E /* CrashLoggingTests.swift */; };
		F99D03362422D9F30091C33E /* TracksEventServiceTests.m in Sources */ = {isa = PBXBuildFile; fileRef = F99D032D2422D9F30091C33E /* TracksEventServiceTests.m */; };
		F99D03372422D9F30091C33E /* TracksEventServiceTests.m in Sources */ = {isa = PBXBuildFile; fileRef = F99D032D2422D9F30091C33E /* TracksEventServiceTests.m */; };
		F99D033A2422D9F30091C33E /* TracksEventTests.m in Sources */ = {isa = PBXBuildFile; fileRef = F99D03302422D9F30091C33E /* TracksEventTests.m */; };
		F99D033B2422D9F30091C33E /* TracksEventTests.m in Sources */ = {isa = PBXBuildFile; fileRef = F99D03302422D9F30091C33E /* TracksEventTests.m */; };
		F99D033C2422D9F30091C33E /* TracksServiceRemoteIntegrationTests.m in Sources */ = {isa = PBXBuildFile; fileRef = F99D03312422D9F30091C33E /* TracksServiceRemoteIntegrationTests.m */; };
		F99D033D2422D9F30091C33E /* TracksServiceRemoteIntegrationTests.m in Sources */ = {isa = PBXBuildFile; fileRef = F99D03312422D9F30091C33E /* TracksServiceRemoteIntegrationTests.m */; };
		F99D033E2422D9F30091C33E /* TracksServiceTests.m in Sources */ = {isa = PBXBuildFile; fileRef = F99D03322422D9F30091C33E /* TracksServiceTests.m */; };
		F99D033F2422D9F30091C33E /* TracksServiceTests.m in Sources */ = {isa = PBXBuildFile; fileRef = F99D03322422D9F30091C33E /* TracksServiceTests.m */; };
		F99D03402422D9F30091C33E /* TracksServiceRemoteTests.swift in Sources */ = {isa = PBXBuildFile; fileRef = F99D03332422D9F30091C33E /* TracksServiceRemoteTests.swift */; };
		F99D03412422D9F30091C33E /* TracksServiceRemoteTests.swift in Sources */ = {isa = PBXBuildFile; fileRef = F99D03332422D9F30091C33E /* TracksServiceRemoteTests.swift */; };
		F99D03462422DB700091C33E /* Tracks.xcdatamodeld in Sources */ = {isa = PBXBuildFile; fileRef = F9788D8824219D66000A9BB5 /* Tracks.xcdatamodeld */; };
		F99D03472422DB800091C33E /* Tracks.xcdatamodeld in Sources */ = {isa = PBXBuildFile; fileRef = F9788D8824219D66000A9BB5 /* Tracks.xcdatamodeld */; };
		F99D03482422DB800091C33E /* Tracks.xcdatamodeld in Sources */ = {isa = PBXBuildFile; fileRef = F9788D8824219D66000A9BB5 /* Tracks.xcdatamodeld */; };
		F9A0D6D92420294B00D27C01 /* FileHandle+Extensions.swift in Sources */ = {isa = PBXBuildFile; fileRef = F9A0D6D82420294B00D27C01 /* FileHandle+Extensions.swift */; };
		F9A0D70224216F8D00D27C01 /* FileHandle+Extensions.swift in Sources */ = {isa = PBXBuildFile; fileRef = F9A0D6D82420294B00D27C01 /* FileHandle+Extensions.swift */; };
		F9A117B521E69B42002A5CD8 /* Automattic_Tracks_OSX.h in Headers */ = {isa = PBXBuildFile; fileRef = F9A117B321E69B42002A5CD8 /* Automattic_Tracks_OSX.h */; settings = {ATTRIBUTES = (Public, ); }; };
		F9A117B921E69B57002A5CD8 /* TracksLoggingPrivate.h in Headers */ = {isa = PBXBuildFile; fileRef = 93B5C7671CE230AD002820B3 /* TracksLoggingPrivate.h */; };
		F9A117BA21E69B5B002A5CD8 /* TracksLoggingPrivate.m in Sources */ = {isa = PBXBuildFile; fileRef = 93B5C7681CE230AD002820B3 /* TracksLoggingPrivate.m */; };
		F9A117CF21E69B80002A5CD8 /* TracksConstants.m in Sources */ = {isa = PBXBuildFile; fileRef = 9339E70B1ADE98B800AEAB68 /* TracksConstants.m */; };
		F9A117D021E69B84002A5CD8 /* TracksConstants.h in Headers */ = {isa = PBXBuildFile; fileRef = 9339E70A1ADE98B800AEAB68 /* TracksConstants.h */; };
		F9A117D121E69B84002A5CD8 /* TracksLogging.h in Headers */ = {isa = PBXBuildFile; fileRef = E1DBEA181C07071300FF2F73 /* TracksLogging.h */; };
		F9A117D221E69B84002A5CD8 /* TracksLogging.m in Sources */ = {isa = PBXBuildFile; fileRef = 93B5C7641CE2303D002820B3 /* TracksLogging.m */; };
/* End PBXBuildFile section */

/* Begin PBXContainerItemProxy section */
		93B5C7B61CE25D40002820B3 /* PBXContainerItemProxy */ = {
			isa = PBXContainerItemProxy;
			containerPortal = 93C021111AB0A6330014096A /* Project object */;
			proxyType = 1;
			remoteGlobalIDString = 93B5C7AA1CE25D40002820B3;
			remoteInfo = "Automattic-Tracks-iOS";
		};
		F970F42121E7BBD8000664D2 /* PBXContainerItemProxy */ = {
			isa = PBXContainerItemProxy;
			containerPortal = 93C021111AB0A6330014096A /* Project object */;
			proxyType = 1;
			remoteGlobalIDString = F9A117B021E69B41002A5CD8;
			remoteInfo = "Automattic-Tracks-OSX";
		};
/* End PBXContainerItemProxy section */

/* Begin PBXFileReference section */
		3458F6511F3E809224A4A8DB /* Pods-Automattic_Tracks_OSXTests.debug.xcconfig */ = {isa = PBXFileReference; includeInIndex = 1; lastKnownFileType = text.xcconfig; name = "Pods-Automattic_Tracks_OSXTests.debug.xcconfig"; path = "Pods/Target Support Files/Pods-Automattic_Tracks_OSXTests/Pods-Automattic_Tracks_OSXTests.debug.xcconfig"; sourceTree = "<group>"; };
		371F24E5742FCBB4490DD9A9 /* Pods-Automattic-Tracks-iOSTests.release.xcconfig */ = {isa = PBXFileReference; includeInIndex = 1; lastKnownFileType = text.xcconfig; name = "Pods-Automattic-Tracks-iOSTests.release.xcconfig"; path = "Pods/Target Support Files/Pods-Automattic-Tracks-iOSTests/Pods-Automattic-Tracks-iOSTests.release.xcconfig"; sourceTree = "<group>"; };
		3AF418C8EF68BCAA9CA82B3C /* Pods-Automattic_Tracks_OSXTests.release.xcconfig */ = {isa = PBXFileReference; includeInIndex = 1; lastKnownFileType = text.xcconfig; name = "Pods-Automattic_Tracks_OSXTests.release.xcconfig"; path = "Pods/Target Support Files/Pods-Automattic_Tracks_OSXTests/Pods-Automattic_Tracks_OSXTests.release.xcconfig"; sourceTree = "<group>"; };
		4D23D263D998EA01CCB752C4 /* Pods-Automattic-Tracks-iOS.debug.xcconfig */ = {isa = PBXFileReference; includeInIndex = 1; lastKnownFileType = text.xcconfig; name = "Pods-Automattic-Tracks-iOS.debug.xcconfig"; path = "Pods/Target Support Files/Pods-Automattic-Tracks-iOS/Pods-Automattic-Tracks-iOS.debug.xcconfig"; sourceTree = "<group>"; };
		519B82281CDF10E002CD67A7 /* Pods_Automattic_Tracks_OSXTests.framework */ = {isa = PBXFileReference; explicitFileType = wrapper.framework; includeInIndex = 0; path = Pods_Automattic_Tracks_OSXTests.framework; sourceTree = BUILT_PRODUCTS_DIR; };
		652046E1289B7D1235BB7FD4 /* Pods-Automattic-Tracks-OSX.release.xcconfig */ = {isa = PBXFileReference; includeInIndex = 1; lastKnownFileType = text.xcconfig; name = "Pods-Automattic-Tracks-OSX.release.xcconfig"; path = "Pods/Target Support Files/Pods-Automattic-Tracks-OSX/Pods-Automattic-Tracks-OSX.release.xcconfig"; sourceTree = "<group>"; };
		6CAA4DA76E13B617281D5E5C /* Pods-Automattic-Tracks-OSX.debug.xcconfig */ = {isa = PBXFileReference; includeInIndex = 1; lastKnownFileType = text.xcconfig; name = "Pods-Automattic-Tracks-OSX.debug.xcconfig"; path = "Pods/Target Support Files/Pods-Automattic-Tracks-OSX/Pods-Automattic-Tracks-OSX.debug.xcconfig"; sourceTree = "<group>"; };
		6D834F2F168F81BD31598B29 /* Pods_Automattic_Tracks_OSX.framework */ = {isa = PBXFileReference; explicitFileType = wrapper.framework; includeInIndex = 0; path = Pods_Automattic_Tracks_OSX.framework; sourceTree = BUILT_PRODUCTS_DIR; };
		8809A9D0B8C988BC31A6E219 /* Pods-Automattic-Tracks-iOSTests.debug.xcconfig */ = {isa = PBXFileReference; includeInIndex = 1; lastKnownFileType = text.xcconfig; name = "Pods-Automattic-Tracks-iOSTests.debug.xcconfig"; path = "Pods/Target Support Files/Pods-Automattic-Tracks-iOSTests/Pods-Automattic-Tracks-iOSTests.debug.xcconfig"; sourceTree = "<group>"; };
		9339E70A1ADE98B800AEAB68 /* TracksConstants.h */ = {isa = PBXFileReference; fileEncoding = 4; lastKnownFileType = sourcecode.c.h; path = TracksConstants.h; sourceTree = "<group>"; };
		9339E70B1ADE98B800AEAB68 /* TracksConstants.m */ = {isa = PBXFileReference; fileEncoding = 4; lastKnownFileType = sourcecode.c.objc; path = TracksConstants.m; sourceTree = "<group>"; };
		9349E9921D41148A00DDB5BB /* Automattic-Tracks-iOSTests-Bridging-Header.h */ = {isa = PBXFileReference; lastKnownFileType = sourcecode.c.h; path = "Automattic-Tracks-iOSTests-Bridging-Header.h"; sourceTree = "<group>"; };
		937632B91AC3141800086BC6 /* Automattic-Tracks-iOS.podspec */ = {isa = PBXFileReference; fileEncoding = 4; lastKnownFileType = text; path = "Automattic-Tracks-iOS.podspec"; sourceTree = "<group>"; };
		93771E3A1ACC6FD700B1E5FF /* CoreTelephony.framework */ = {isa = PBXFileReference; lastKnownFileType = wrapper.framework; name = CoreTelephony.framework; path = System/Library/Frameworks/CoreTelephony.framework; sourceTree = SDKROOT; };
		93AD39921AC713110069344D /* CoreData.framework */ = {isa = PBXFileReference; lastKnownFileType = wrapper.framework; name = CoreData.framework; path = System/Library/Frameworks/CoreData.framework; sourceTree = SDKROOT; };
		93B5C7641CE2303D002820B3 /* TracksLogging.m */ = {isa = PBXFileReference; fileEncoding = 4; lastKnownFileType = sourcecode.c.objc; path = TracksLogging.m; sourceTree = "<group>"; };
		93B5C7671CE230AD002820B3 /* TracksLoggingPrivate.h */ = {isa = PBXFileReference; fileEncoding = 4; lastKnownFileType = sourcecode.c.h; path = TracksLoggingPrivate.h; sourceTree = "<group>"; };
		93B5C7681CE230AD002820B3 /* TracksLoggingPrivate.m */ = {isa = PBXFileReference; fileEncoding = 4; lastKnownFileType = sourcecode.c.objc; path = TracksLoggingPrivate.m; sourceTree = "<group>"; };
		93B5C7AB1CE25D40002820B3 /* AutomatticTracks.framework */ = {isa = PBXFileReference; explicitFileType = wrapper.framework; includeInIndex = 0; path = AutomatticTracks.framework; sourceTree = BUILT_PRODUCTS_DIR; };
		93B5C7AD1CE25D40002820B3 /* Automattic-Tracks-iOS.h */ = {isa = PBXFileReference; lastKnownFileType = sourcecode.c.h; path = "Automattic-Tracks-iOS.h"; sourceTree = "<group>"; };
		93B5C7AF1CE25D40002820B3 /* Info.plist */ = {isa = PBXFileReference; lastKnownFileType = text.plist.xml; path = Info.plist; sourceTree = "<group>"; };
		93B5C7B41CE25D40002820B3 /* Automattic-Tracks-iOSTests.xctest */ = {isa = PBXFileReference; explicitFileType = wrapper.cfbundle; includeInIndex = 0; path = "Automattic-Tracks-iOSTests.xctest"; sourceTree = BUILT_PRODUCTS_DIR; };
		93B5C7BB1CE25D40002820B3 /* Info.plist */ = {isa = PBXFileReference; lastKnownFileType = text.plist.xml; path = Info.plist; sourceTree = "<group>"; };
		93C0213E1AB75F770014096A /* Podfile */ = {isa = PBXFileReference; fileEncoding = 4; lastKnownFileType = text; path = Podfile; sourceTree = "<group>"; xcLanguageSpecificationIdentifier = xcode.lang.ruby; };
		A8DA9D04296686A3FB3E4BF9 /* Pods-Automattic-Tracks-iOS.release.xcconfig */ = {isa = PBXFileReference; includeInIndex = 1; lastKnownFileType = text.xcconfig; name = "Pods-Automattic-Tracks-iOS.release.xcconfig"; path = "Pods/Target Support Files/Pods-Automattic-Tracks-iOS/Pods-Automattic-Tracks-iOS.release.xcconfig"; sourceTree = "<group>"; };
		DCA23FA76778DD4D62989FD4 /* Pods_Automattic_Tracks_iOSTests.framework */ = {isa = PBXFileReference; explicitFileType = wrapper.framework; includeInIndex = 0; path = Pods_Automattic_Tracks_iOSTests.framework; sourceTree = BUILT_PRODUCTS_DIR; };
		E1DBEA181C07071300FF2F73 /* TracksLogging.h */ = {isa = PBXFileReference; lastKnownFileType = sourcecode.c.h; path = TracksLogging.h; sourceTree = "<group>"; };
		F12BA01F12FA7A9559D69764 /* Pods_Automattic_Tracks_iOS.framework */ = {isa = PBXFileReference; explicitFileType = wrapper.framework; includeInIndex = 0; path = Pods_Automattic_Tracks_iOS.framework; sourceTree = BUILT_PRODUCTS_DIR; };
		F9117198240F20F0009A1EC0 /* LogEncryptor.swift */ = {isa = PBXFileReference; fileEncoding = 4; lastKnownFileType = sourcecode.swift; path = LogEncryptor.swift; sourceTree = "<group>"; };
		F9445635242965E7009A36B3 /* EventLoggingDataSource.swift */ = {isa = PBXFileReference; fileEncoding = 4; lastKnownFileType = sourcecode.swift; path = EventLoggingDataSource.swift; sourceTree = "<group>"; };
		F9445636242965E7009A36B3 /* EventLoggingDelegate.swift */ = {isa = PBXFileReference; fileEncoding = 4; lastKnownFileType = sourcecode.swift; path = EventLoggingDelegate.swift; sourceTree = "<group>"; };
		F9445637242965E7009A36B3 /* EventLoggingUploadManager.swift */ = {isa = PBXFileReference; fileEncoding = 4; lastKnownFileType = sourcecode.swift; path = EventLoggingUploadManager.swift; sourceTree = "<group>"; };
		F9445641242965F6009A36B3 /* FileManager+Extensions.swift */ = {isa = PBXFileReference; fileEncoding = 4; lastKnownFileType = sourcecode.swift; path = "FileManager+Extensions.swift"; sourceTree = "<group>"; };
		F94456442429660E009A36B3 /* EventLoggingUploadQueue.swift */ = {isa = PBXFileReference; fileEncoding = 4; lastKnownFileType = sourcecode.swift; path = EventLoggingUploadQueue.swift; sourceTree = "<group>"; };
		F94456452429660E009A36B3 /* EventLoggingNetworkService.swift */ = {isa = PBXFileReference; fileEncoding = 4; lastKnownFileType = sourcecode.swift; path = EventLoggingNetworkService.swift; sourceTree = "<group>"; };
		F944564A24296625009A36B3 /* EventLoggingFileUploadError.swift */ = {isa = PBXFileReference; fileEncoding = 4; lastKnownFileType = sourcecode.swift; path = EventLoggingFileUploadError.swift; sourceTree = "<group>"; };
		F944564E2429666B009A36B3 /* EventLoggingUploadManagerTests.swift */ = {isa = PBXFileReference; fileEncoding = 4; lastKnownFileType = sourcecode.swift; path = EventLoggingUploadManagerTests.swift; sourceTree = "<group>"; };
		F94456512429666B009A36B3 /* EventLoggingUploadQueueTests.swift */ = {isa = PBXFileReference; fileEncoding = 4; lastKnownFileType = sourcecode.swift; path = EventLoggingUploadQueueTests.swift; sourceTree = "<group>"; };
		F944565A24296698009A36B3 /* Mocks.swift */ = {isa = PBXFileReference; fileEncoding = 4; lastKnownFileType = sourcecode.swift; path = Mocks.swift; sourceTree = "<group>"; };
		F949B1E72429681A0069FF76 /* LogEncryptionTests.swift */ = {isa = PBXFileReference; fileEncoding = 4; lastKnownFileType = sourcecode.swift; path = LogEncryptionTests.swift; sourceTree = "<group>"; };
		F94EE62B242C4C280015C18E /* LogFileTests.swift */ = {isa = PBXFileReference; lastKnownFileType = sourcecode.swift; path = LogFileTests.swift; sourceTree = "<group>"; };
		F94EE631242D000E0015C18E /* EventLoggingNetworkServiceTests.swift */ = {isa = PBXFileReference; lastKnownFileType = sourcecode.swift; path = EventLoggingNetworkServiceTests.swift; sourceTree = "<group>"; };
		F94EE634242D017D0015C18E /* NetworkRequestMocks.swift */ = {isa = PBXFileReference; lastKnownFileType = sourcecode.swift; path = NetworkRequestMocks.swift; sourceTree = "<group>"; };
		F970F41B21E7BBD8000664D2 /* Automattic_Tracks_OSXTests.xctest */ = {isa = PBXFileReference; explicitFileType = wrapper.cfbundle; includeInIndex = 0; path = Automattic_Tracks_OSXTests.xctest; sourceTree = BUILT_PRODUCTS_DIR; };
		F970F41D21E7BBD8000664D2 /* Automattic_Tracks_OSXTests.m */ = {isa = PBXFileReference; lastKnownFileType = sourcecode.c.objc; path = Automattic_Tracks_OSXTests.m; sourceTree = "<group>"; };
		F970F41F21E7BBD8000664D2 /* Info.plist */ = {isa = PBXFileReference; lastKnownFileType = text.plist.xml; path = Info.plist; sourceTree = "<group>"; };
		F9788D8124219D66000A9BB5 /* LogFile.swift */ = {isa = PBXFileReference; fileEncoding = 4; lastKnownFileType = sourcecode.swift; path = LogFile.swift; sourceTree = "<group>"; };
		F9788D8224219D66000A9BB5 /* TracksEvent.m */ = {isa = PBXFileReference; fileEncoding = 4; lastKnownFileType = sourcecode.c.objc; path = TracksEvent.m; sourceTree = "<group>"; };
		F9788D8324219D66000A9BB5 /* TracksDeviceInformation.m */ = {isa = PBXFileReference; fileEncoding = 4; lastKnownFileType = sourcecode.c.objc; path = TracksDeviceInformation.m; sourceTree = "<group>"; };
		F9788D8524219D66000A9BB5 /* TracksEventCoreData.h */ = {isa = PBXFileReference; fileEncoding = 4; lastKnownFileType = sourcecode.c.h; path = TracksEventCoreData.h; sourceTree = "<group>"; };
		F9788D8624219D66000A9BB5 /* TracksContextManager.h */ = {isa = PBXFileReference; fileEncoding = 4; lastKnownFileType = sourcecode.c.h; path = TracksContextManager.h; sourceTree = "<group>"; };
		F9788D8724219D66000A9BB5 /* TracksEventCoreData.m */ = {isa = PBXFileReference; fileEncoding = 4; lastKnownFileType = sourcecode.c.objc; path = TracksEventCoreData.m; sourceTree = "<group>"; };
		F9788D8924219D66000A9BB5 /* Tracks.xcdatamodel */ = {isa = PBXFileReference; lastKnownFileType = wrapper.xcdatamodel; path = Tracks.xcdatamodel; sourceTree = "<group>"; };
		F9788D8A24219D66000A9BB5 /* TracksContextManager.m */ = {isa = PBXFileReference; fileEncoding = 4; lastKnownFileType = sourcecode.c.objc; path = TracksContextManager.m; sourceTree = "<group>"; };
		F9788D8B24219D66000A9BB5 /* TracksUser.swift */ = {isa = PBXFileReference; fileEncoding = 4; lastKnownFileType = sourcecode.swift; path = TracksUser.swift; sourceTree = "<group>"; };
		F9788D8C24219D66000A9BB5 /* TracksEvent.h */ = {isa = PBXFileReference; fileEncoding = 4; lastKnownFileType = sourcecode.c.h; path = TracksEvent.h; sourceTree = "<group>"; };
		F9788D8D24219D66000A9BB5 /* TracksDeviceInformation.h */ = {isa = PBXFileReference; fileEncoding = 4; lastKnownFileType = sourcecode.c.h; path = TracksDeviceInformation.h; sourceTree = "<group>"; };
		F9788DA52421A2BF000A9BB5 /* CrashLogging.swift */ = {isa = PBXFileReference; fileEncoding = 4; lastKnownFileType = sourcecode.swift; path = CrashLogging.swift; sourceTree = "<group>"; };
		F9788DA62421A2BF000A9BB5 /* CrashLoggingDataProvider.swift */ = {isa = PBXFileReference; fileEncoding = 4; lastKnownFileType = sourcecode.swift; path = CrashLoggingDataProvider.swift; sourceTree = "<group>"; };
		F9788DCD2421B4EF000A9BB5 /* TracksEventPersistenceService.m */ = {isa = PBXFileReference; fileEncoding = 4; lastKnownFileType = sourcecode.c.objc; path = TracksEventPersistenceService.m; sourceTree = "<group>"; };
		F9788DCE2421B4EF000A9BB5 /* TracksService.m */ = {isa = PBXFileReference; fileEncoding = 4; lastKnownFileType = sourcecode.c.objc; path = TracksService.m; sourceTree = "<group>"; };
		F9788DCF2421B4EF000A9BB5 /* TracksServiceRemote.m */ = {isa = PBXFileReference; fileEncoding = 4; lastKnownFileType = sourcecode.c.objc; path = TracksServiceRemote.m; sourceTree = "<group>"; };
		F9788DD02421B4EF000A9BB5 /* WatchSessionManager.h */ = {isa = PBXFileReference; fileEncoding = 4; lastKnownFileType = sourcecode.c.h; path = WatchSessionManager.h; sourceTree = "<group>"; };
		F9788DD12421B4EF000A9BB5 /* TracksEventService.h */ = {isa = PBXFileReference; fileEncoding = 4; lastKnownFileType = sourcecode.c.h; path = TracksEventService.h; sourceTree = "<group>"; };
		F9788DD22421B4EF000A9BB5 /* TracksEventPersistenceService.h */ = {isa = PBXFileReference; fileEncoding = 4; lastKnownFileType = sourcecode.c.h; path = TracksEventPersistenceService.h; sourceTree = "<group>"; };
		F9788DD32421B4EF000A9BB5 /* TracksService.h */ = {isa = PBXFileReference; fileEncoding = 4; lastKnownFileType = sourcecode.c.h; path = TracksService.h; sourceTree = "<group>"; };
		F9788DD42421B4EF000A9BB5 /* TracksEventService.m */ = {isa = PBXFileReference; fileEncoding = 4; lastKnownFileType = sourcecode.c.objc; path = TracksEventService.m; sourceTree = "<group>"; };
		F9788DD52421B4EF000A9BB5 /* WatchSessionManager.m */ = {isa = PBXFileReference; fileEncoding = 4; lastKnownFileType = sourcecode.c.objc; path = WatchSessionManager.m; sourceTree = "<group>"; };
		F9788DD62421B4EF000A9BB5 /* TracksServiceRemote.h */ = {isa = PBXFileReference; fileEncoding = 4; lastKnownFileType = sourcecode.c.h; path = TracksServiceRemote.h; sourceTree = "<group>"; };
		F99D031B2422D9B70091C33E /* TestTracksContextManager.h */ = {isa = PBXFileReference; fileEncoding = 4; lastKnownFileType = sourcecode.c.h; path = TestTracksContextManager.h; sourceTree = "<group>"; };
		F99D031C2422D9B70091C33E /* Extensions.swift */ = {isa = PBXFileReference; fileEncoding = 4; lastKnownFileType = sourcecode.swift; path = Extensions.swift; sourceTree = "<group>"; };
		F99D031D2422D9B70091C33E /* LogFile+TestHelpers.swift */ = {isa = PBXFileReference; fileEncoding = 4; lastKnownFileType = sourcecode.swift; path = "LogFile+TestHelpers.swift"; sourceTree = "<group>"; };
		F99D031F2422D9B70091C33E /* EncryptedLog.swift */ = {isa = PBXFileReference; fileEncoding = 4; lastKnownFileType = sourcecode.swift; path = EncryptedLog.swift; sourceTree = "<group>"; };
		F99D03202422D9B70091C33E /* TestTracksContextManager.m */ = {isa = PBXFileReference; fileEncoding = 4; lastKnownFileType = sourcecode.c.objc; path = TestTracksContextManager.m; sourceTree = "<group>"; };
		F99D032C2422D9F30091C33E /* CrashLoggingTests.swift */ = {isa = PBXFileReference; fileEncoding = 4; lastKnownFileType = sourcecode.swift; path = CrashLoggingTests.swift; sourceTree = "<group>"; };
		F99D032D2422D9F30091C33E /* TracksEventServiceTests.m */ = {isa = PBXFileReference; fileEncoding = 4; lastKnownFileType = sourcecode.c.objc; path = TracksEventServiceTests.m; sourceTree = "<group>"; };
		F99D03302422D9F30091C33E /* TracksEventTests.m */ = {isa = PBXFileReference; fileEncoding = 4; lastKnownFileType = sourcecode.c.objc; path = TracksEventTests.m; sourceTree = "<group>"; };
		F99D03312422D9F30091C33E /* TracksServiceRemoteIntegrationTests.m */ = {isa = PBXFileReference; fileEncoding = 4; lastKnownFileType = sourcecode.c.objc; path = TracksServiceRemoteIntegrationTests.m; sourceTree = "<group>"; };
		F99D03322422D9F30091C33E /* TracksServiceTests.m */ = {isa = PBXFileReference; fileEncoding = 4; lastKnownFileType = sourcecode.c.objc; path = TracksServiceTests.m; sourceTree = "<group>"; };
		F99D03332422D9F30091C33E /* TracksServiceRemoteTests.swift */ = {isa = PBXFileReference; fileEncoding = 4; lastKnownFileType = sourcecode.swift; path = TracksServiceRemoteTests.swift; sourceTree = "<group>"; };
		F9A0D6D82420294B00D27C01 /* FileHandle+Extensions.swift */ = {isa = PBXFileReference; lastKnownFileType = sourcecode.swift; path = "FileHandle+Extensions.swift"; sourceTree = "<group>"; };
		F9A117B121E69B41002A5CD8 /* AutomatticTracks.framework */ = {isa = PBXFileReference; explicitFileType = wrapper.framework; includeInIndex = 0; path = AutomatticTracks.framework; sourceTree = BUILT_PRODUCTS_DIR; };
		F9A117B321E69B42002A5CD8 /* Automattic_Tracks_OSX.h */ = {isa = PBXFileReference; lastKnownFileType = sourcecode.c.h; path = Automattic_Tracks_OSX.h; sourceTree = "<group>"; };
		F9A117B421E69B42002A5CD8 /* Info.plist */ = {isa = PBXFileReference; lastKnownFileType = text.plist.xml; path = Info.plist; sourceTree = "<group>"; };
/* End PBXFileReference section */

/* Begin PBXFrameworksBuildPhase section */
		93B5C7A71CE25D40002820B3 /* Frameworks */ = {
			isa = PBXFrameworksBuildPhase;
			buildActionMask = 2147483647;
			files = (
				F65C4895BA44D4556D4A3693 /* Pods_Automattic_Tracks_iOS.framework in Frameworks */,
			);
			runOnlyForDeploymentPostprocessing = 0;
		};
		93B5C7B11CE25D40002820B3 /* Frameworks */ = {
			isa = PBXFrameworksBuildPhase;
			buildActionMask = 2147483647;
			files = (
				93B5C7B51CE25D40002820B3 /* AutomatticTracks.framework in Frameworks */,
				66B4025E8CC43C3928D21D6A /* Pods_Automattic_Tracks_iOSTests.framework in Frameworks */,
			);
			runOnlyForDeploymentPostprocessing = 0;
		};
		F970F41821E7BBD8000664D2 /* Frameworks */ = {
			isa = PBXFrameworksBuildPhase;
			buildActionMask = 2147483647;
			files = (
				F970F42021E7BBD8000664D2 /* AutomatticTracks.framework in Frameworks */,
				89284FEF37B307C0A99A81E5 /* Pods_Automattic_Tracks_OSXTests.framework in Frameworks */,
			);
			runOnlyForDeploymentPostprocessing = 0;
		};
		F9A117AE21E69B41002A5CD8 /* Frameworks */ = {
			isa = PBXFrameworksBuildPhase;
			buildActionMask = 2147483647;
			files = (
				4FE1FBB22B5CC44AC0EC7CBF /* Pods_Automattic_Tracks_OSX.framework in Frameworks */,
			);
			runOnlyForDeploymentPostprocessing = 0;
		};
/* End PBXFrameworksBuildPhase section */

/* Begin PBXGroup section */
		1474497F395D1793619DE6B9 /* Frameworks */ = {
			isa = PBXGroup;
			children = (
				93771E3A1ACC6FD700B1E5FF /* CoreTelephony.framework */,
				93AD39921AC713110069344D /* CoreData.framework */,
				6D834F2F168F81BD31598B29 /* Pods_Automattic_Tracks_OSX.framework */,
				F12BA01F12FA7A9559D69764 /* Pods_Automattic_Tracks_iOS.framework */,
				DCA23FA76778DD4D62989FD4 /* Pods_Automattic_Tracks_iOSTests.framework */,
				519B82281CDF10E002CD67A7 /* Pods_Automattic_Tracks_OSXTests.framework */,
			);
			name = Frameworks;
			sourceTree = "<group>";
		};
		82FC4D3949CC9BCE8A13AD36 /* Pods */ = {
			isa = PBXGroup;
			children = (
				93C0213E1AB75F770014096A /* Podfile */,
				937632B91AC3141800086BC6 /* Automattic-Tracks-iOS.podspec */,
				6CAA4DA76E13B617281D5E5C /* Pods-Automattic-Tracks-OSX.debug.xcconfig */,
				652046E1289B7D1235BB7FD4 /* Pods-Automattic-Tracks-OSX.release.xcconfig */,
				4D23D263D998EA01CCB752C4 /* Pods-Automattic-Tracks-iOS.debug.xcconfig */,
				A8DA9D04296686A3FB3E4BF9 /* Pods-Automattic-Tracks-iOS.release.xcconfig */,
				8809A9D0B8C988BC31A6E219 /* Pods-Automattic-Tracks-iOSTests.debug.xcconfig */,
				371F24E5742FCBB4490DD9A9 /* Pods-Automattic-Tracks-iOSTests.release.xcconfig */,
				3458F6511F3E809224A4A8DB /* Pods-Automattic_Tracks_OSXTests.debug.xcconfig */,
				3AF418C8EF68BCAA9CA82B3C /* Pods-Automattic_Tracks_OSXTests.release.xcconfig */,
			);
			name = Pods;
			sourceTree = "<group>";
		};
		93B5C7661CE2308D002820B3 /* Internal Logging */ = {
			isa = PBXGroup;
			children = (
				E1DBEA181C07071300FF2F73 /* TracksLogging.h */,
				93B5C7641CE2303D002820B3 /* TracksLogging.m */,
				93B5C7671CE230AD002820B3 /* TracksLoggingPrivate.h */,
				93B5C7681CE230AD002820B3 /* TracksLoggingPrivate.m */,
			);
			path = "Internal Logging";
			sourceTree = "<group>";
		};
		93C021101AB0A6330014096A = {
			isa = PBXGroup;
			children = (
				93C0211B1AB0A6330014096A /* Automattic-Tracks-iOS */,
				93C021281AB0A6330014096A /* Automattic-Tracks-iOSTests */,
				F9A117B221E69B42002A5CD8 /* Automattic-Tracks-OSX */,
				F970F41C21E7BBD8000664D2 /* Automattic_Tracks_OSXTests */,
				93C0211A1AB0A6330014096A /* Products */,
				82FC4D3949CC9BCE8A13AD36 /* Pods */,
				1474497F395D1793619DE6B9 /* Frameworks */,
			);
			sourceTree = "<group>";
		};
		93C0211A1AB0A6330014096A /* Products */ = {
			isa = PBXGroup;
			children = (
				93B5C7AB1CE25D40002820B3 /* AutomatticTracks.framework */,
				93B5C7B41CE25D40002820B3 /* Automattic-Tracks-iOSTests.xctest */,
				F9A117B121E69B41002A5CD8 /* AutomatticTracks.framework */,
				F970F41B21E7BBD8000664D2 /* Automattic_Tracks_OSXTests.xctest */,
			);
			name = Products;
			sourceTree = "<group>";
		};
		93C0211B1AB0A6330014096A /* Automattic-Tracks-iOS */ = {
			isa = PBXGroup;
			children = (
				F9788DEB2421B55A000A9BB5 /* Crash Logging */,
				F911718B240F20B1009A1EC0 /* Event Logging */,
				F9788D8024219D66000A9BB5 /* Model */,
				93B5C7661CE2308D002820B3 /* Internal Logging */,
				F9788DCC2421B4EF000A9BB5 /* Services */,
				F96732DD2418470A0064CC83 /* Extensions */,
				93D77A541CE26C9C009EDB38 /* Supporting Files */,
				9339E70A1ADE98B800AEAB68 /* TracksConstants.h */,
				9339E70B1ADE98B800AEAB68 /* TracksConstants.m */,
			);
			path = "Automattic-Tracks-iOS";
			sourceTree = "<group>";
		};
		93C021281AB0A6330014096A /* Automattic-Tracks-iOSTests */ = {
			isa = PBXGroup;
			children = (
				93C021291AB0A6330014096A /* Supporting Files */,
				F99D031A2422D9B70091C33E /* Test Helpers */,
				F99D032B2422D9F30091C33E /* Tests */,
			);
			path = "Automattic-Tracks-iOSTests";
			sourceTree = "<group>";
		};
		93C021291AB0A6330014096A /* Supporting Files */ = {
			isa = PBXGroup;
			children = (
				9349E9921D41148A00DDB5BB /* Automattic-Tracks-iOSTests-Bridging-Header.h */,
				93B5C7BB1CE25D40002820B3 /* Info.plist */,
			);
			name = "Supporting Files";
			sourceTree = "<group>";
		};
		93D77A541CE26C9C009EDB38 /* Supporting Files */ = {
			isa = PBXGroup;
			children = (
				93B5C7AD1CE25D40002820B3 /* Automattic-Tracks-iOS.h */,
				93B5C7AF1CE25D40002820B3 /* Info.plist */,
			);
			name = "Supporting Files";
			sourceTree = "<group>";
		};
		F911718B240F20B1009A1EC0 /* Event Logging */ = {
			isa = PBXGroup;
			children = (
				F9445635242965E7009A36B3 /* EventLoggingDataSource.swift */,
				F9445636242965E7009A36B3 /* EventLoggingDelegate.swift */,
				F9445637242965E7009A36B3 /* EventLoggingUploadManager.swift */,
				F9117198240F20F0009A1EC0 /* LogEncryptor.swift */,
			);
			path = "Event Logging";
			sourceTree = "<group>";
		};
		F96732DD2418470A0064CC83 /* Extensions */ = {
			isa = PBXGroup;
			children = (
				F9A0D6D82420294B00D27C01 /* FileHandle+Extensions.swift */,
				F9445641242965F6009A36B3 /* FileManager+Extensions.swift */,
			);
			path = Extensions;
			sourceTree = "<group>";
		};
		F970F41C21E7BBD8000664D2 /* Automattic_Tracks_OSXTests */ = {
			isa = PBXGroup;
			children = (
				F970F41D21E7BBD8000664D2 /* Automattic_Tracks_OSXTests.m */,
				F970F41F21E7BBD8000664D2 /* Info.plist */,
			);
			path = Automattic_Tracks_OSXTests;
			sourceTree = "<group>";
		};
		F9788D8024219D66000A9BB5 /* Model */ = {
			isa = PBXGroup;
			children = (
				F9788D8B24219D66000A9BB5 /* TracksUser.swift */,
				F9788D8424219D66000A9BB5 /* Core Data */,
				F9788D8C24219D66000A9BB5 /* TracksEvent.h */,
				F9788D8224219D66000A9BB5 /* TracksEvent.m */,
				F9788D8D24219D66000A9BB5 /* TracksDeviceInformation.h */,
				F9788D8324219D66000A9BB5 /* TracksDeviceInformation.m */,
				F9788D8124219D66000A9BB5 /* LogFile.swift */,
				F944564A24296625009A36B3 /* EventLoggingFileUploadError.swift */,
			);
			path = Model;
			sourceTree = "<group>";
		};
		F9788D8424219D66000A9BB5 /* Core Data */ = {
			isa = PBXGroup;
			children = (
				F9788D8824219D66000A9BB5 /* Tracks.xcdatamodeld */,
				F9788D8624219D66000A9BB5 /* TracksContextManager.h */,
				F9788D8A24219D66000A9BB5 /* TracksContextManager.m */,
				F9788D8524219D66000A9BB5 /* TracksEventCoreData.h */,
				F9788D8724219D66000A9BB5 /* TracksEventCoreData.m */,
			);
			path = "Core Data";
			sourceTree = "<group>";
		};
		F9788DCC2421B4EF000A9BB5 /* Services */ = {
			isa = PBXGroup;
			children = (
				F9788DD22421B4EF000A9BB5 /* TracksEventPersistenceService.h */,
				F9788DCD2421B4EF000A9BB5 /* TracksEventPersistenceService.m */,
				F9788DD12421B4EF000A9BB5 /* TracksEventService.h */,
				F9788DD42421B4EF000A9BB5 /* TracksEventService.m */,
				F9788DD32421B4EF000A9BB5 /* TracksService.h */,
				F9788DCE2421B4EF000A9BB5 /* TracksService.m */,
				F9788DD62421B4EF000A9BB5 /* TracksServiceRemote.h */,
				F9788DCF2421B4EF000A9BB5 /* TracksServiceRemote.m */,
				F9788DD02421B4EF000A9BB5 /* WatchSessionManager.h */,
				F9788DD52421B4EF000A9BB5 /* WatchSessionManager.m */,
				F94456452429660E009A36B3 /* EventLoggingNetworkService.swift */,
				F94456442429660E009A36B3 /* EventLoggingUploadQueue.swift */,
			);
			path = Services;
			sourceTree = "<group>";
		};
		F9788DEB2421B55A000A9BB5 /* Crash Logging */ = {
			isa = PBXGroup;
			children = (
				F9788DA52421A2BF000A9BB5 /* CrashLogging.swift */,
				F9788DA62421A2BF000A9BB5 /* CrashLoggingDataProvider.swift */,
			);
			path = "Crash Logging";
			sourceTree = "<group>";
		};
		F99D031A2422D9B70091C33E /* Test Helpers */ = {
			isa = PBXGroup;
			children = (
				F99D031B2422D9B70091C33E /* TestTracksContextManager.h */,
				F99D03202422D9B70091C33E /* TestTracksContextManager.m */,
				F99D031F2422D9B70091C33E /* EncryptedLog.swift */,
				F99D031C2422D9B70091C33E /* Extensions.swift */,
				F99D031D2422D9B70091C33E /* LogFile+TestHelpers.swift */,
				F944565A24296698009A36B3 /* Mocks.swift */,
				F94EE634242D017D0015C18E /* NetworkRequestMocks.swift */,
			);
			path = "Test Helpers";
			sourceTree = "<group>";
		};
		F99D032B2422D9F30091C33E /* Tests */ = {
			isa = PBXGroup;
			children = (
				F99D032E2422D9F30091C33E /* Event Logging */,
				F99D032C2422D9F30091C33E /* CrashLoggingTests.swift */,
				F99D032D2422D9F30091C33E /* TracksEventServiceTests.m */,
				F99D03302422D9F30091C33E /* TracksEventTests.m */,
				F99D03312422D9F30091C33E /* TracksServiceRemoteIntegrationTests.m */,
				F99D03332422D9F30091C33E /* TracksServiceRemoteTests.swift */,
				F99D03322422D9F30091C33E /* TracksServiceTests.m */,
			);
			path = Tests;
			sourceTree = "<group>";
		};
		F99D032E2422D9F30091C33E /* Event Logging */ = {
			isa = PBXGroup;
			children = (
				F949B1E72429681A0069FF76 /* LogEncryptionTests.swift */,
				F944564E2429666B009A36B3 /* EventLoggingUploadManagerTests.swift */,
				F94456512429666B009A36B3 /* EventLoggingUploadQueueTests.swift */,
				F94EE62B242C4C280015C18E /* LogFileTests.swift */,
				F94EE631242D000E0015C18E /* EventLoggingNetworkServiceTests.swift */,
			);
			path = "Event Logging";
			sourceTree = "<group>";
		};
		F9A117B221E69B42002A5CD8 /* Automattic-Tracks-OSX */ = {
			isa = PBXGroup;
			children = (
				F9A117B321E69B42002A5CD8 /* Automattic_Tracks_OSX.h */,
				F9A117B421E69B42002A5CD8 /* Info.plist */,
			);
			path = "Automattic-Tracks-OSX";
			sourceTree = "<group>";
		};
/* End PBXGroup section */

/* Begin PBXHeadersBuildPhase section */
		93B5C7A81CE25D40002820B3 /* Headers */ = {
			isa = PBXHeadersBuildPhase;
			buildActionMask = 2147483647;
			files = (
				93B5C7AE1CE25D40002820B3 /* Automattic-Tracks-iOS.h in Headers */,
				93B5C7CD1CE25D7D002820B3 /* TracksLoggingPrivate.h in Headers */,
				F9788DE32421B4EF000A9BB5 /* TracksService.h in Headers */,
				F9788DE92421B4EF000A9BB5 /* TracksServiceRemote.h in Headers */,
				F9788DA224219D66000A9BB5 /* TracksDeviceInformation.h in Headers */,
				F9788DDF2421B4EF000A9BB5 /* TracksEventService.h in Headers */,
				F9788D9624219D66000A9BB5 /* TracksContextManager.h in Headers */,
				F9788DA024219D66000A9BB5 /* TracksEvent.h in Headers */,
				F9788DDD2421B4EF000A9BB5 /* WatchSessionManager.h in Headers */,
				F9788DE12421B4EF000A9BB5 /* TracksEventPersistenceService.h in Headers */,
				F9788D9424219D66000A9BB5 /* TracksEventCoreData.h in Headers */,
				93B5C7D61CE25D7D002820B3 /* TracksConstants.h in Headers */,
				93B5C7D71CE25D7D002820B3 /* TracksLogging.h in Headers */,
			);
			runOnlyForDeploymentPostprocessing = 0;
		};
		F9A117AC21E69B41002A5CD8 /* Headers */ = {
			isa = PBXHeadersBuildPhase;
			buildActionMask = 2147483647;
			files = (
				F9A117B921E69B57002A5CD8 /* TracksLoggingPrivate.h in Headers */,
				F9A117D121E69B84002A5CD8 /* TracksLogging.h in Headers */,
				F9788DE42421B4EF000A9BB5 /* TracksService.h in Headers */,
				F9788DEA2421B4EF000A9BB5 /* TracksServiceRemote.h in Headers */,
				F9788DA324219D66000A9BB5 /* TracksDeviceInformation.h in Headers */,
				F9788DE02421B4EF000A9BB5 /* TracksEventService.h in Headers */,
				F9788D9724219D66000A9BB5 /* TracksContextManager.h in Headers */,
				F9788DA124219D66000A9BB5 /* TracksEvent.h in Headers */,
				F9788DDE2421B4EF000A9BB5 /* WatchSessionManager.h in Headers */,
				F9788DE22421B4EF000A9BB5 /* TracksEventPersistenceService.h in Headers */,
				F9A117D021E69B84002A5CD8 /* TracksConstants.h in Headers */,
				F9788D9524219D66000A9BB5 /* TracksEventCoreData.h in Headers */,
				F9A117B521E69B42002A5CD8 /* Automattic_Tracks_OSX.h in Headers */,
			);
			runOnlyForDeploymentPostprocessing = 0;
		};
/* End PBXHeadersBuildPhase section */

/* Begin PBXNativeTarget section */
		93B5C7AA1CE25D40002820B3 /* Automattic-Tracks-iOS */ = {
			isa = PBXNativeTarget;
			buildConfigurationList = 93B5C7BC1CE25D40002820B3 /* Build configuration list for PBXNativeTarget "Automattic-Tracks-iOS" */;
			buildPhases = (
				80D38423AB7F6004EFEAD773 /* [CP] Check Pods Manifest.lock */,
				93B5C7A61CE25D40002820B3 /* Sources */,
				93B5C7A71CE25D40002820B3 /* Frameworks */,
				93B5C7A81CE25D40002820B3 /* Headers */,
				93B5C7A91CE25D40002820B3 /* Resources */,
			);
			buildRules = (
			);
			dependencies = (
			);
			name = "Automattic-Tracks-iOS";
			productName = "Automattic-Tracks-iOS";
			productReference = 93B5C7AB1CE25D40002820B3 /* AutomatticTracks.framework */;
			productType = "com.apple.product-type.framework";
		};
		93B5C7B31CE25D40002820B3 /* Automattic-Tracks-iOSTests */ = {
			isa = PBXNativeTarget;
			buildConfigurationList = 93B5C7BF1CE25D40002820B3 /* Build configuration list for PBXNativeTarget "Automattic-Tracks-iOSTests" */;
			buildPhases = (
				EE2C6CD7063BF45EE9D00D71 /* [CP] Check Pods Manifest.lock */,
				93B5C7B01CE25D40002820B3 /* Sources */,
				93B5C7B11CE25D40002820B3 /* Frameworks */,
				93B5C7B21CE25D40002820B3 /* Resources */,
				BAED7E4E9F4E1EB7508D4638 /* [CP] Embed Pods Frameworks */,
			);
			buildRules = (
			);
			dependencies = (
				93B5C7B71CE25D40002820B3 /* PBXTargetDependency */,
			);
			name = "Automattic-Tracks-iOSTests";
			productName = "Automattic-Tracks-iOSTests";
			productReference = 93B5C7B41CE25D40002820B3 /* Automattic-Tracks-iOSTests.xctest */;
			productType = "com.apple.product-type.bundle.unit-test";
		};
		F970F41A21E7BBD8000664D2 /* Automattic_Tracks_OSXTests */ = {
			isa = PBXNativeTarget;
			buildConfigurationList = F970F42521E7BBD8000664D2 /* Build configuration list for PBXNativeTarget "Automattic_Tracks_OSXTests" */;
			buildPhases = (
				ADB5D1AEC01FB2EBB10AD785 /* [CP] Check Pods Manifest.lock */,
				F970F41721E7BBD8000664D2 /* Sources */,
				F970F41821E7BBD8000664D2 /* Frameworks */,
				F970F41921E7BBD8000664D2 /* Resources */,
				EF5820B9C733BE8250B40AD4 /* [CP] Embed Pods Frameworks */,
			);
			buildRules = (
			);
			dependencies = (
				F970F42221E7BBD8000664D2 /* PBXTargetDependency */,
			);
			name = Automattic_Tracks_OSXTests;
			productName = Automattic_Tracks_OSXTests;
			productReference = F970F41B21E7BBD8000664D2 /* Automattic_Tracks_OSXTests.xctest */;
			productType = "com.apple.product-type.bundle.unit-test";
		};
		F9A117B021E69B41002A5CD8 /* Automattic-Tracks-OSX */ = {
			isa = PBXNativeTarget;
			buildConfigurationList = F9A117B821E69B42002A5CD8 /* Build configuration list for PBXNativeTarget "Automattic-Tracks-OSX" */;
			buildPhases = (
				48DCBE37BA85E37E9F8BE641 /* [CP] Check Pods Manifest.lock */,
				F9A117AC21E69B41002A5CD8 /* Headers */,
				F9A117AD21E69B41002A5CD8 /* Sources */,
				F9A117AE21E69B41002A5CD8 /* Frameworks */,
				F9A117AF21E69B41002A5CD8 /* Resources */,
			);
			buildRules = (
			);
			dependencies = (
			);
			name = "Automattic-Tracks-OSX";
			productName = "Automattic-Tracks-OSX";
			productReference = F9A117B121E69B41002A5CD8 /* AutomatticTracks.framework */;
			productType = "com.apple.product-type.framework";
		};
/* End PBXNativeTarget section */

/* Begin PBXProject section */
		93C021111AB0A6330014096A /* Project object */ = {
			isa = PBXProject;
			attributes = {
				LastSwiftUpdateCheck = 0730;
				LastUpgradeCheck = 1010;
				ORGANIZATIONNAME = "Automattic Inc.";
				TargetAttributes = {
					93B5C7AA1CE25D40002820B3 = {
						CreatedOnToolsVersion = 7.3.1;
						LastSwiftMigration = 1130;
					};
					93B5C7B31CE25D40002820B3 = {
						CreatedOnToolsVersion = 7.3.1;
						LastSwiftMigration = 1130;
						ProvisioningStyle = Manual;
					};
					F970F41A21E7BBD8000664D2 = {
						CreatedOnToolsVersion = 10.1;
						LastSwiftMigration = 1130;
						ProvisioningStyle = Manual;
					};
					F9A117B021E69B41002A5CD8 = {
						CreatedOnToolsVersion = 10.1;
						LastSwiftMigration = 1130;
						ProvisioningStyle = Manual;
					};
				};
			};
			buildConfigurationList = 93C021141AB0A6330014096A /* Build configuration list for PBXProject "Automattic-Tracks-iOS" */;
			compatibilityVersion = "Xcode 3.2";
			developmentRegion = en;
			hasScannedForEncodings = 0;
			knownRegions = (
				en,
				Base,
			);
			mainGroup = 93C021101AB0A6330014096A;
			productRefGroup = 93C0211A1AB0A6330014096A /* Products */;
			projectDirPath = "";
			projectRoot = "";
			targets = (
				93B5C7AA1CE25D40002820B3 /* Automattic-Tracks-iOS */,
				93B5C7B31CE25D40002820B3 /* Automattic-Tracks-iOSTests */,
				F9A117B021E69B41002A5CD8 /* Automattic-Tracks-OSX */,
				F970F41A21E7BBD8000664D2 /* Automattic_Tracks_OSXTests */,
			);
		};
/* End PBXProject section */

/* Begin PBXResourcesBuildPhase section */
		93B5C7A91CE25D40002820B3 /* Resources */ = {
			isa = PBXResourcesBuildPhase;
			buildActionMask = 2147483647;
			files = (
			);
			runOnlyForDeploymentPostprocessing = 0;
		};
		93B5C7B21CE25D40002820B3 /* Resources */ = {
			isa = PBXResourcesBuildPhase;
			buildActionMask = 2147483647;
			files = (
			);
			runOnlyForDeploymentPostprocessing = 0;
		};
		F970F41921E7BBD8000664D2 /* Resources */ = {
			isa = PBXResourcesBuildPhase;
			buildActionMask = 2147483647;
			files = (
			);
			runOnlyForDeploymentPostprocessing = 0;
		};
		F9A117AF21E69B41002A5CD8 /* Resources */ = {
			isa = PBXResourcesBuildPhase;
			buildActionMask = 2147483647;
			files = (
			);
			runOnlyForDeploymentPostprocessing = 0;
		};
/* End PBXResourcesBuildPhase section */

/* Begin PBXShellScriptBuildPhase section */
		48DCBE37BA85E37E9F8BE641 /* [CP] Check Pods Manifest.lock */ = {
			isa = PBXShellScriptBuildPhase;
			buildActionMask = 2147483647;
			files = (
			);
			inputFileListPaths = (
			);
			inputPaths = (
				"${PODS_PODFILE_DIR_PATH}/Podfile.lock",
				"${PODS_ROOT}/Manifest.lock",
			);
			name = "[CP] Check Pods Manifest.lock";
			outputFileListPaths = (
			);
			outputPaths = (
				"$(DERIVED_FILE_DIR)/Pods-Automattic-Tracks-OSX-checkManifestLockResult.txt",
			);
			runOnlyForDeploymentPostprocessing = 0;
			shellPath = /bin/sh;
			shellScript = "diff \"${PODS_PODFILE_DIR_PATH}/Podfile.lock\" \"${PODS_ROOT}/Manifest.lock\" > /dev/null\nif [ $? != 0 ] ; then\n    # print error to STDERR\n    echo \"error: The sandbox is not in sync with the Podfile.lock. Run 'pod install' or update your CocoaPods installation.\" >&2\n    exit 1\nfi\n# This output is used by Xcode 'outputs' to avoid re-running this script phase.\necho \"SUCCESS\" > \"${SCRIPT_OUTPUT_FILE_0}\"\n";
			showEnvVarsInLog = 0;
		};
		80D38423AB7F6004EFEAD773 /* [CP] Check Pods Manifest.lock */ = {
			isa = PBXShellScriptBuildPhase;
			buildActionMask = 2147483647;
			files = (
			);
			inputFileListPaths = (
			);
			inputPaths = (
				"${PODS_PODFILE_DIR_PATH}/Podfile.lock",
				"${PODS_ROOT}/Manifest.lock",
			);
			name = "[CP] Check Pods Manifest.lock";
			outputFileListPaths = (
			);
			outputPaths = (
				"$(DERIVED_FILE_DIR)/Pods-Automattic-Tracks-iOS-checkManifestLockResult.txt",
			);
			runOnlyForDeploymentPostprocessing = 0;
			shellPath = /bin/sh;
			shellScript = "diff \"${PODS_PODFILE_DIR_PATH}/Podfile.lock\" \"${PODS_ROOT}/Manifest.lock\" > /dev/null\nif [ $? != 0 ] ; then\n    # print error to STDERR\n    echo \"error: The sandbox is not in sync with the Podfile.lock. Run 'pod install' or update your CocoaPods installation.\" >&2\n    exit 1\nfi\n# This output is used by Xcode 'outputs' to avoid re-running this script phase.\necho \"SUCCESS\" > \"${SCRIPT_OUTPUT_FILE_0}\"\n";
			showEnvVarsInLog = 0;
		};
		ADB5D1AEC01FB2EBB10AD785 /* [CP] Check Pods Manifest.lock */ = {
			isa = PBXShellScriptBuildPhase;
			buildActionMask = 2147483647;
			files = (
			);
			inputFileListPaths = (
			);
			inputPaths = (
				"${PODS_PODFILE_DIR_PATH}/Podfile.lock",
				"${PODS_ROOT}/Manifest.lock",
			);
			name = "[CP] Check Pods Manifest.lock";
			outputFileListPaths = (
			);
			outputPaths = (
				"$(DERIVED_FILE_DIR)/Pods-Automattic_Tracks_OSXTests-checkManifestLockResult.txt",
			);
			runOnlyForDeploymentPostprocessing = 0;
			shellPath = /bin/sh;
			shellScript = "diff \"${PODS_PODFILE_DIR_PATH}/Podfile.lock\" \"${PODS_ROOT}/Manifest.lock\" > /dev/null\nif [ $? != 0 ] ; then\n    # print error to STDERR\n    echo \"error: The sandbox is not in sync with the Podfile.lock. Run 'pod install' or update your CocoaPods installation.\" >&2\n    exit 1\nfi\n# This output is used by Xcode 'outputs' to avoid re-running this script phase.\necho \"SUCCESS\" > \"${SCRIPT_OUTPUT_FILE_0}\"\n";
			showEnvVarsInLog = 0;
		};
		BAED7E4E9F4E1EB7508D4638 /* [CP] Embed Pods Frameworks */ = {
			isa = PBXShellScriptBuildPhase;
			buildActionMask = 2147483647;
			files = (
			);
			inputPaths = (
				"${PODS_ROOT}/Target Support Files/Pods-Automattic-Tracks-iOSTests/Pods-Automattic-Tracks-iOSTests-frameworks.sh",
				"${BUILT_PRODUCTS_DIR}/OCMock-iOS/OCMock.framework",
				"${BUILT_PRODUCTS_DIR}/OHHTTPStubs-iOS/OHHTTPStubs.framework",
				"${BUILT_PRODUCTS_DIR}/CocoaLumberjack-iOS/CocoaLumberjack.framework",
				"${BUILT_PRODUCTS_DIR}/Reachability-iOS/Reachability.framework",
				"${BUILT_PRODUCTS_DIR}/Sentry-iOS/Sentry.framework",
				"${BUILT_PRODUCTS_DIR}/Sodium-iOS/Sodium.framework",
				"${BUILT_PRODUCTS_DIR}/UIDeviceIdentifier/UIDeviceIdentifier.framework",
			);
			name = "[CP] Embed Pods Frameworks";
			outputPaths = (
				"${TARGET_BUILD_DIR}/${FRAMEWORKS_FOLDER_PATH}/OCMock.framework",
				"${TARGET_BUILD_DIR}/${FRAMEWORKS_FOLDER_PATH}/OHHTTPStubs.framework",
				"${TARGET_BUILD_DIR}/${FRAMEWORKS_FOLDER_PATH}/CocoaLumberjack.framework",
				"${TARGET_BUILD_DIR}/${FRAMEWORKS_FOLDER_PATH}/Reachability.framework",
				"${TARGET_BUILD_DIR}/${FRAMEWORKS_FOLDER_PATH}/Sentry.framework",
				"${TARGET_BUILD_DIR}/${FRAMEWORKS_FOLDER_PATH}/Sodium.framework",
				"${TARGET_BUILD_DIR}/${FRAMEWORKS_FOLDER_PATH}/UIDeviceIdentifier.framework",
			);
			runOnlyForDeploymentPostprocessing = 0;
			shellPath = /bin/sh;
			shellScript = "\"${PODS_ROOT}/Target Support Files/Pods-Automattic-Tracks-iOSTests/Pods-Automattic-Tracks-iOSTests-frameworks.sh\"\n";
			showEnvVarsInLog = 0;
		};
		EE2C6CD7063BF45EE9D00D71 /* [CP] Check Pods Manifest.lock */ = {
			isa = PBXShellScriptBuildPhase;
			buildActionMask = 2147483647;
			files = (
			);
			inputFileListPaths = (
			);
			inputPaths = (
				"${PODS_PODFILE_DIR_PATH}/Podfile.lock",
				"${PODS_ROOT}/Manifest.lock",
			);
			name = "[CP] Check Pods Manifest.lock";
			outputFileListPaths = (
			);
			outputPaths = (
				"$(DERIVED_FILE_DIR)/Pods-Automattic-Tracks-iOSTests-checkManifestLockResult.txt",
			);
			runOnlyForDeploymentPostprocessing = 0;
			shellPath = /bin/sh;
			shellScript = "diff \"${PODS_PODFILE_DIR_PATH}/Podfile.lock\" \"${PODS_ROOT}/Manifest.lock\" > /dev/null\nif [ $? != 0 ] ; then\n    # print error to STDERR\n    echo \"error: The sandbox is not in sync with the Podfile.lock. Run 'pod install' or update your CocoaPods installation.\" >&2\n    exit 1\nfi\n# This output is used by Xcode 'outputs' to avoid re-running this script phase.\necho \"SUCCESS\" > \"${SCRIPT_OUTPUT_FILE_0}\"\n";
			showEnvVarsInLog = 0;
		};
		EF5820B9C733BE8250B40AD4 /* [CP] Embed Pods Frameworks */ = {
			isa = PBXShellScriptBuildPhase;
			buildActionMask = 2147483647;
			files = (
			);
			inputPaths = (
				"${PODS_ROOT}/Target Support Files/Pods-Automattic_Tracks_OSXTests/Pods-Automattic_Tracks_OSXTests-frameworks.sh",
				"${BUILT_PRODUCTS_DIR}/OCMock-macOS/OCMock.framework",
				"${BUILT_PRODUCTS_DIR}/OHHTTPStubs-macOS/OHHTTPStubs.framework",
				"${BUILT_PRODUCTS_DIR}/CocoaLumberjack-macOS/CocoaLumberjack.framework",
				"${BUILT_PRODUCTS_DIR}/Reachability-macOS/Reachability.framework",
				"${BUILT_PRODUCTS_DIR}/Sentry-macOS/Sentry.framework",
				"${BUILT_PRODUCTS_DIR}/Sodium-macOS/Sodium.framework",
			);
			name = "[CP] Embed Pods Frameworks";
			outputPaths = (
				"${TARGET_BUILD_DIR}/${FRAMEWORKS_FOLDER_PATH}/OCMock.framework",
				"${TARGET_BUILD_DIR}/${FRAMEWORKS_FOLDER_PATH}/OHHTTPStubs.framework",
				"${TARGET_BUILD_DIR}/${FRAMEWORKS_FOLDER_PATH}/CocoaLumberjack.framework",
				"${TARGET_BUILD_DIR}/${FRAMEWORKS_FOLDER_PATH}/Reachability.framework",
				"${TARGET_BUILD_DIR}/${FRAMEWORKS_FOLDER_PATH}/Sentry.framework",
				"${TARGET_BUILD_DIR}/${FRAMEWORKS_FOLDER_PATH}/Sodium.framework",
			);
			runOnlyForDeploymentPostprocessing = 0;
			shellPath = /bin/sh;
			shellScript = "\"${PODS_ROOT}/Target Support Files/Pods-Automattic_Tracks_OSXTests/Pods-Automattic_Tracks_OSXTests-frameworks.sh\"\n";
			showEnvVarsInLog = 0;
		};
/* End PBXShellScriptBuildPhase section */

/* Begin PBXSourcesBuildPhase section */
		93B5C7A61CE25D40002820B3 /* Sources */ = {
			isa = PBXSourcesBuildPhase;
			buildActionMask = 2147483647;
			files = (
				F9788D9224219D66000A9BB5 /* TracksDeviceInformation.m in Sources */,
				F9788D9024219D66000A9BB5 /* TracksEvent.m in Sources */,
				F9A0D6D92420294B00D27C01 /* FileHandle+Extensions.swift in Sources */,
				F9788D9C24219D66000A9BB5 /* TracksContextManager.m in Sources */,
				F9445639242965E7009A36B3 /* EventLoggingDataSource.swift in Sources */,
				F9788D9824219D66000A9BB5 /* TracksEventCoreData.m in Sources */,
				F944564B24296625009A36B3 /* EventLoggingFileUploadError.swift in Sources */,
				93B5C7CB1CE25D66002820B3 /* TracksConstants.m in Sources */,
				F944563B242965E7009A36B3 /* EventLoggingDelegate.swift in Sources */,
				F94456462429660F009A36B3 /* EventLoggingUploadQueue.swift in Sources */,
				F9788DA92421A2BF000A9BB5 /* CrashLoggingDataProvider.swift in Sources */,
				93B5C7C21CE25D66002820B3 /* TracksLoggingPrivate.m in Sources */,
				F94456482429660F009A36B3 /* EventLoggingNetworkService.swift in Sources */,
				F9788D8E24219D66000A9BB5 /* LogFile.swift in Sources */,
				F9788D9E24219D66000A9BB5 /* TracksUser.swift in Sources */,
				F9788DD92421B4EF000A9BB5 /* TracksService.m in Sources */,
				F944563D242965E7009A36B3 /* EventLoggingUploadManager.swift in Sources */,
				F9117199240F20F0009A1EC0 /* LogEncryptor.swift in Sources */,
				F9445642242965F6009A36B3 /* FileManager+Extensions.swift in Sources */,
				93B5C7CC1CE25D66002820B3 /* TracksLogging.m in Sources */,
				F9788DE72421B4EF000A9BB5 /* WatchSessionManager.m in Sources */,
				F9788DA72421A2BF000A9BB5 /* CrashLogging.swift in Sources */,
				F9788D9A24219D66000A9BB5 /* Tracks.xcdatamodeld in Sources */,
				F9788DD72421B4EF000A9BB5 /* TracksEventPersistenceService.m in Sources */,
				F9788DE52421B4EF000A9BB5 /* TracksEventService.m in Sources */,
				F9788DDB2421B4EF000A9BB5 /* TracksServiceRemote.m in Sources */,
			);
			runOnlyForDeploymentPostprocessing = 0;
		};
		93B5C7B01CE25D40002820B3 /* Sources */ = {
			isa = PBXSourcesBuildPhase;
			buildActionMask = 2147483647;
			files = (
				F99D033E2422D9F30091C33E /* TracksServiceTests.m in Sources */,
				F94EE632242D000E0015C18E /* EventLoggingNetworkServiceTests.swift in Sources */,
				F99D03402422D9F30091C33E /* TracksServiceRemoteTests.swift in Sources */,
				F94456522429666B009A36B3 /* EventLoggingUploadManagerTests.swift in Sources */,
				F949B1E82429681A0069FF76 /* LogEncryptionTests.swift in Sources */,
				F99D03272422D9B70091C33E /* EncryptedLog.swift in Sources */,
				F94EE635242D017D0015C18E /* NetworkRequestMocks.swift in Sources */,
				F99D03362422D9F30091C33E /* TracksEventServiceTests.m in Sources */,
				F99D03232422D9B70091C33E /* LogFile+TestHelpers.swift in Sources */,
				F99D033C2422D9F30091C33E /* TracksServiceRemoteIntegrationTests.m in Sources */,
				F99D03292422D9B70091C33E /* TestTracksContextManager.m in Sources */,
				F99D03212422D9B70091C33E /* Extensions.swift in Sources */,
				F94EE62C242C4C280015C18E /* LogFileTests.swift in Sources */,
				F99D033A2422D9F30091C33E /* TracksEventTests.m in Sources */,
				F944565B24296698009A36B3 /* Mocks.swift in Sources */,
				F99D03342422D9F30091C33E /* CrashLoggingTests.swift in Sources */,
				F99D03472422DB800091C33E /* Tracks.xcdatamodeld in Sources */,
				F94456552429666B009A36B3 /* EventLoggingUploadQueueTests.swift in Sources */,
			);
			runOnlyForDeploymentPostprocessing = 0;
		};
		F970F41721E7BBD8000664D2 /* Sources */ = {
			isa = PBXSourcesBuildPhase;
			buildActionMask = 2147483647;
			files = (
				F99D033B2422D9F30091C33E /* TracksEventTests.m in Sources */,
				F99D03412422D9F30091C33E /* TracksServiceRemoteTests.swift in Sources */,
				F99D03242422D9B70091C33E /* LogFile+TestHelpers.swift in Sources */,
				F99D033D2422D9F30091C33E /* TracksServiceRemoteIntegrationTests.m in Sources */,
				F944565C24296698009A36B3 /* Mocks.swift in Sources */,
				F949B1E92429681A0069FF76 /* LogEncryptionTests.swift in Sources */,
				F99D03372422D9F30091C33E /* TracksEventServiceTests.m in Sources */,
				F970F41E21E7BBD8000664D2 /* Automattic_Tracks_OSXTests.m in Sources */,
				F944565724296684009A36B3 /* EventLoggingUploadManagerTests.swift in Sources */,
				F99D033F2422D9F30091C33E /* TracksServiceTests.m in Sources */,
				F99D032A2422D9B70091C33E /* TestTracksContextManager.m in Sources */,
				F94EE633242D000E0015C18E /* EventLoggingNetworkServiceTests.swift in Sources */,
				F94EE636242D017D0015C18E /* NetworkRequestMocks.swift in Sources */,
				F94EE62D242C4C280015C18E /* LogFileTests.swift in Sources */,
				F99D03222422D9B70091C33E /* Extensions.swift in Sources */,
				F99D03482422DB800091C33E /* Tracks.xcdatamodeld in Sources */,
				F99D03282422D9B70091C33E /* EncryptedLog.swift in Sources */,
				F99D03352422D9F30091C33E /* CrashLoggingTests.swift in Sources */,
				F944565824296684009A36B3 /* EventLoggingUploadQueueTests.swift in Sources */,
			);
			runOnlyForDeploymentPostprocessing = 0;
		};
		F9A117AD21E69B41002A5CD8 /* Sources */ = {
			isa = PBXSourcesBuildPhase;
			buildActionMask = 2147483647;
			files = (
				F9788D8F24219D66000A9BB5 /* LogFile.swift in Sources */,
				F9788D9324219D66000A9BB5 /* TracksDeviceInformation.m in Sources */,
				F9788D9124219D66000A9BB5 /* TracksEvent.m in Sources */,
				F9A117BA21E69B5B002A5CD8 /* TracksLoggingPrivate.m in Sources */,
				F944563A242965E7009A36B3 /* EventLoggingDataSource.swift in Sources */,
				F9788D9D24219D66000A9BB5 /* TracksContextManager.m in Sources */,
				F944564C24296625009A36B3 /* EventLoggingFileUploadError.swift in Sources */,
				F9788DAA2421A2BF000A9BB5 /* CrashLoggingDataProvider.swift in Sources */,
				F944563C242965E7009A36B3 /* EventLoggingDelegate.swift in Sources */,
				F94456472429660F009A36B3 /* EventLoggingUploadQueue.swift in Sources */,
				F9A0D70224216F8D00D27C01 /* FileHandle+Extensions.swift in Sources */,
				F99D03462422DB700091C33E /* Tracks.xcdatamodeld in Sources */,
				F94456492429660F009A36B3 /* EventLoggingNetworkService.swift in Sources */,
				F911719A240F20F0009A1EC0 /* LogEncryptor.swift in Sources */,
				F9788D9F24219D66000A9BB5 /* TracksUser.swift in Sources */,
				F9788DDA2421B4EF000A9BB5 /* TracksService.m in Sources */,
				F944563E242965E7009A36B3 /* EventLoggingUploadManager.swift in Sources */,
				F9A117D221E69B84002A5CD8 /* TracksLogging.m in Sources */,
				F9445643242965F6009A36B3 /* FileManager+Extensions.swift in Sources */,
				F9788D9924219D66000A9BB5 /* TracksEventCoreData.m in Sources */,
				F9788DE82421B4EF000A9BB5 /* WatchSessionManager.m in Sources */,
				F9A117CF21E69B80002A5CD8 /* TracksConstants.m in Sources */,
				F9788DA82421A2BF000A9BB5 /* CrashLogging.swift in Sources */,
				F9788DD82421B4EF000A9BB5 /* TracksEventPersistenceService.m in Sources */,
				F9788DE62421B4EF000A9BB5 /* TracksEventService.m in Sources */,
				F9788DDC2421B4EF000A9BB5 /* TracksServiceRemote.m in Sources */,
			);
			runOnlyForDeploymentPostprocessing = 0;
		};
/* End PBXSourcesBuildPhase section */

/* Begin PBXTargetDependency section */
		93B5C7B71CE25D40002820B3 /* PBXTargetDependency */ = {
			isa = PBXTargetDependency;
			target = 93B5C7AA1CE25D40002820B3 /* Automattic-Tracks-iOS */;
			targetProxy = 93B5C7B61CE25D40002820B3 /* PBXContainerItemProxy */;
		};
		F970F42221E7BBD8000664D2 /* PBXTargetDependency */ = {
			isa = PBXTargetDependency;
			target = F9A117B021E69B41002A5CD8 /* Automattic-Tracks-OSX */;
			targetProxy = F970F42121E7BBD8000664D2 /* PBXContainerItemProxy */;
		};
/* End PBXTargetDependency section */

/* Begin XCBuildConfiguration section */
		93B5C7BD1CE25D40002820B3 /* Debug */ = {
			isa = XCBuildConfiguration;
			baseConfigurationReference = 4D23D263D998EA01CCB752C4 /* Pods-Automattic-Tracks-iOS.debug.xcconfig */;
			buildSettings = {
				CLANG_ANALYZER_NONNULL = YES;
				CLANG_ENABLE_MODULES = YES;
				CLANG_WARN_UNREACHABLE_CODE = NO;
				"CODE_SIGN_IDENTITY[sdk=iphoneos*]" = "";
				CURRENT_PROJECT_VERSION = 1;
				DEBUG_INFORMATION_FORMAT = dwarf;
				DEFINES_MODULE = YES;
				DYLIB_COMPATIBILITY_VERSION = 1;
				DYLIB_CURRENT_VERSION = 1;
				DYLIB_INSTALL_NAME_BASE = "@rpath";
				GCC_NO_COMMON_BLOCKS = YES;
				INFOPLIST_FILE = "Automattic-Tracks-iOS/Info.plist";
				INSTALL_PATH = "$(LOCAL_LIBRARY_DIR)/Frameworks";
				IPHONEOS_DEPLOYMENT_TARGET = 9.3;
				LD_RUNPATH_SEARCH_PATHS = "$(inherited) @executable_path/Frameworks @loader_path/Frameworks";
				PRODUCT_BUNDLE_IDENTIFIER = "com.automattic.Automattic-Tracks-iOS";
				PRODUCT_NAME = AutomatticTracks;
				SKIP_INSTALL = YES;
				SUPPORTS_MACCATALYST = NO;
				SWIFT_OPTIMIZATION_LEVEL = "-Onone";
				SWIFT_SWIFT3_OBJC_INFERENCE = Off;
				SWIFT_VERSION = 5.0;
				TARGETED_DEVICE_FAMILY = "1,2";
				VERSIONING_SYSTEM = "apple-generic";
				VERSION_INFO_PREFIX = "";
			};
			name = Debug;
		};
		93B5C7BE1CE25D40002820B3 /* Release */ = {
			isa = XCBuildConfiguration;
			baseConfigurationReference = A8DA9D04296686A3FB3E4BF9 /* Pods-Automattic-Tracks-iOS.release.xcconfig */;
			buildSettings = {
				CLANG_ANALYZER_NONNULL = YES;
				CLANG_ENABLE_MODULES = YES;
				CLANG_WARN_UNREACHABLE_CODE = NO;
				"CODE_SIGN_IDENTITY[sdk=iphoneos*]" = "";
				CURRENT_PROJECT_VERSION = 1;
				DEBUG_INFORMATION_FORMAT = "dwarf-with-dsym";
				DEFINES_MODULE = YES;
				DYLIB_COMPATIBILITY_VERSION = 1;
				DYLIB_CURRENT_VERSION = 1;
				DYLIB_INSTALL_NAME_BASE = "@rpath";
				GCC_NO_COMMON_BLOCKS = YES;
				INFOPLIST_FILE = "Automattic-Tracks-iOS/Info.plist";
				INSTALL_PATH = "$(LOCAL_LIBRARY_DIR)/Frameworks";
				IPHONEOS_DEPLOYMENT_TARGET = 9.3;
				LD_RUNPATH_SEARCH_PATHS = "$(inherited) @executable_path/Frameworks @loader_path/Frameworks";
				PRODUCT_BUNDLE_IDENTIFIER = "com.automattic.Automattic-Tracks-iOS";
				PRODUCT_NAME = AutomatticTracks;
				SKIP_INSTALL = YES;
				SUPPORTS_MACCATALYST = NO;
				SWIFT_SWIFT3_OBJC_INFERENCE = Off;
				SWIFT_VERSION = 5.0;
				TARGETED_DEVICE_FAMILY = "1,2";
				VERSIONING_SYSTEM = "apple-generic";
				VERSION_INFO_PREFIX = "";
			};
			name = Release;
		};
		93B5C7C01CE25D40002820B3 /* Debug */ = {
			isa = XCBuildConfiguration;
			baseConfigurationReference = 8809A9D0B8C988BC31A6E219 /* Pods-Automattic-Tracks-iOSTests.debug.xcconfig */;
			buildSettings = {
				CLANG_ANALYZER_NONNULL = YES;
				CLANG_ENABLE_MODULES = YES;
				"CODE_SIGN_IDENTITY[sdk=macosx*]" = "-";
				DEBUG_INFORMATION_FORMAT = dwarf;
				GCC_NO_COMMON_BLOCKS = YES;
				INFOPLIST_FILE = "Automattic-Tracks-iOSTests/Info.plist";
				IPHONEOS_DEPLOYMENT_TARGET = 9.3;
				LD_RUNPATH_SEARCH_PATHS = "$(inherited) @executable_path/Frameworks @loader_path/Frameworks";
				PRODUCT_BUNDLE_IDENTIFIER = "com.automattic.Automattic-Tracks-iOSTests";
				PRODUCT_NAME = "$(TARGET_NAME)";
				SUPPORTS_MACCATALYST = NO;
				SWIFT_OBJC_BRIDGING_HEADER = "Automattic-Tracks-iOSTests/Automattic-Tracks-iOSTests-Bridging-Header.h";
				SWIFT_OPTIMIZATION_LEVEL = "-Onone";
				SWIFT_SWIFT3_OBJC_INFERENCE = Off;
				SWIFT_VERSION = 5.0;
			};
			name = Debug;
		};
		93B5C7C11CE25D40002820B3 /* Release */ = {
			isa = XCBuildConfiguration;
			baseConfigurationReference = 371F24E5742FCBB4490DD9A9 /* Pods-Automattic-Tracks-iOSTests.release.xcconfig */;
			buildSettings = {
				CLANG_ANALYZER_NONNULL = YES;
				CLANG_ENABLE_MODULES = YES;
				"CODE_SIGN_IDENTITY[sdk=macosx*]" = "-";
				DEBUG_INFORMATION_FORMAT = "dwarf-with-dsym";
				GCC_NO_COMMON_BLOCKS = YES;
				INFOPLIST_FILE = "Automattic-Tracks-iOSTests/Info.plist";
				IPHONEOS_DEPLOYMENT_TARGET = 9.3;
				LD_RUNPATH_SEARCH_PATHS = "$(inherited) @executable_path/Frameworks @loader_path/Frameworks";
				PRODUCT_BUNDLE_IDENTIFIER = "com.automattic.Automattic-Tracks-iOSTests";
				PRODUCT_NAME = "$(TARGET_NAME)";
				SUPPORTS_MACCATALYST = NO;
				SWIFT_OBJC_BRIDGING_HEADER = "Automattic-Tracks-iOSTests/Automattic-Tracks-iOSTests-Bridging-Header.h";
				SWIFT_SWIFT3_OBJC_INFERENCE = Off;
				SWIFT_VERSION = 5.0;
			};
			name = Release;
		};
		93C0212B1AB0A6330014096A /* Debug */ = {
			isa = XCBuildConfiguration;
			buildSettings = {
				ALWAYS_SEARCH_USER_PATHS = NO;
				CLANG_CXX_LANGUAGE_STANDARD = "gnu++0x";
				CLANG_CXX_LIBRARY = "libc++";
				CLANG_ENABLE_MODULES = YES;
				CLANG_ENABLE_OBJC_ARC = YES;
				CLANG_WARN_BLOCK_CAPTURE_AUTORELEASING = YES;
				CLANG_WARN_BOOL_CONVERSION = YES;
				CLANG_WARN_COMMA = YES;
				CLANG_WARN_CONSTANT_CONVERSION = YES;
				CLANG_WARN_DEPRECATED_OBJC_IMPLEMENTATIONS = YES;
				CLANG_WARN_DIRECT_OBJC_ISA_USAGE = YES_ERROR;
				CLANG_WARN_EMPTY_BODY = YES;
				CLANG_WARN_ENUM_CONVERSION = YES;
				CLANG_WARN_INFINITE_RECURSION = YES;
				CLANG_WARN_INT_CONVERSION = YES;
				CLANG_WARN_NON_LITERAL_NULL_CONVERSION = YES;
				CLANG_WARN_OBJC_IMPLICIT_RETAIN_SELF = YES;
				CLANG_WARN_OBJC_LITERAL_CONVERSION = YES;
				CLANG_WARN_OBJC_ROOT_CLASS = YES_ERROR;
				CLANG_WARN_RANGE_LOOP_ANALYSIS = YES;
				CLANG_WARN_STRICT_PROTOTYPES = YES;
				CLANG_WARN_SUSPICIOUS_MOVE = YES;
				CLANG_WARN_UNREACHABLE_CODE = YES;
				CLANG_WARN__DUPLICATE_METHOD_MATCH = YES;
				COPY_PHASE_STRIP = NO;
				ENABLE_STRICT_OBJC_MSGSEND = YES;
				ENABLE_TESTABILITY = YES;
				GCC_C_LANGUAGE_STANDARD = gnu99;
				GCC_DYNAMIC_NO_PIC = NO;
				GCC_NO_COMMON_BLOCKS = YES;
				GCC_OPTIMIZATION_LEVEL = 0;
				GCC_PREPROCESSOR_DEFINITIONS = (
					"DEBUG=1",
					"$(inherited)",
				);
				GCC_SYMBOLS_PRIVATE_EXTERN = NO;
				GCC_WARN_64_TO_32_BIT_CONVERSION = YES;
				GCC_WARN_ABOUT_RETURN_TYPE = YES_ERROR;
				GCC_WARN_UNDECLARED_SELECTOR = YES;
				GCC_WARN_UNINITIALIZED_AUTOS = YES_AGGRESSIVE;
				GCC_WARN_UNUSED_FUNCTION = YES;
				GCC_WARN_UNUSED_VARIABLE = YES;
				IPHONEOS_DEPLOYMENT_TARGET = 9.0;
				MTL_ENABLE_DEBUG_INFO = YES;
				ONLY_ACTIVE_ARCH = YES;
				SDKROOT = iphoneos;
				SWIFT_VERSION = 3.0;
			};
			name = Debug;
		};
		93C0212C1AB0A6330014096A /* Release */ = {
			isa = XCBuildConfiguration;
			buildSettings = {
				ALWAYS_SEARCH_USER_PATHS = NO;
				CLANG_CXX_LANGUAGE_STANDARD = "gnu++0x";
				CLANG_CXX_LIBRARY = "libc++";
				CLANG_ENABLE_MODULES = YES;
				CLANG_ENABLE_OBJC_ARC = YES;
				CLANG_WARN_BLOCK_CAPTURE_AUTORELEASING = YES;
				CLANG_WARN_BOOL_CONVERSION = YES;
				CLANG_WARN_COMMA = YES;
				CLANG_WARN_CONSTANT_CONVERSION = YES;
				CLANG_WARN_DEPRECATED_OBJC_IMPLEMENTATIONS = YES;
				CLANG_WARN_DIRECT_OBJC_ISA_USAGE = YES_ERROR;
				CLANG_WARN_EMPTY_BODY = YES;
				CLANG_WARN_ENUM_CONVERSION = YES;
				CLANG_WARN_INFINITE_RECURSION = YES;
				CLANG_WARN_INT_CONVERSION = YES;
				CLANG_WARN_NON_LITERAL_NULL_CONVERSION = YES;
				CLANG_WARN_OBJC_IMPLICIT_RETAIN_SELF = YES;
				CLANG_WARN_OBJC_LITERAL_CONVERSION = YES;
				CLANG_WARN_OBJC_ROOT_CLASS = YES_ERROR;
				CLANG_WARN_RANGE_LOOP_ANALYSIS = YES;
				CLANG_WARN_STRICT_PROTOTYPES = YES;
				CLANG_WARN_SUSPICIOUS_MOVE = YES;
				CLANG_WARN_UNREACHABLE_CODE = YES;
				CLANG_WARN__DUPLICATE_METHOD_MATCH = YES;
				COPY_PHASE_STRIP = NO;
				ENABLE_NS_ASSERTIONS = NO;
				ENABLE_STRICT_OBJC_MSGSEND = YES;
				GCC_C_LANGUAGE_STANDARD = gnu99;
				GCC_NO_COMMON_BLOCKS = YES;
				GCC_WARN_64_TO_32_BIT_CONVERSION = YES;
				GCC_WARN_ABOUT_RETURN_TYPE = YES_ERROR;
				GCC_WARN_UNDECLARED_SELECTOR = YES;
				GCC_WARN_UNINITIALIZED_AUTOS = YES_AGGRESSIVE;
				GCC_WARN_UNUSED_FUNCTION = YES;
				GCC_WARN_UNUSED_VARIABLE = YES;
				IPHONEOS_DEPLOYMENT_TARGET = 9.0;
				MTL_ENABLE_DEBUG_INFO = NO;
				SDKROOT = iphoneos;
				SWIFT_OPTIMIZATION_LEVEL = "-Owholemodule";
				SWIFT_VERSION = 3.0;
				VALIDATE_PRODUCT = YES;
			};
			name = Release;
		};
		F970F42321E7BBD8000664D2 /* Debug */ = {
			isa = XCBuildConfiguration;
			baseConfigurationReference = 3458F6511F3E809224A4A8DB /* Pods-Automattic_Tracks_OSXTests.debug.xcconfig */;
			buildSettings = {
				ALWAYS_EMBED_SWIFT_STANDARD_LIBRARIES = "$(inherited)";
				CLANG_ANALYZER_NONNULL = YES;
				CLANG_ANALYZER_NUMBER_OBJECT_CONVERSION = YES_AGGRESSIVE;
				CLANG_CXX_LANGUAGE_STANDARD = "gnu++14";
				CLANG_ENABLE_OBJC_WEAK = YES;
				CLANG_WARN_DEPRECATED_OBJC_IMPLEMENTATIONS = YES;
				CLANG_WARN_DOCUMENTATION_COMMENTS = YES;
				CLANG_WARN_OBJC_IMPLICIT_RETAIN_SELF = YES;
				CLANG_WARN_UNGUARDED_AVAILABILITY = YES_AGGRESSIVE;
				CODE_SIGN_IDENTITY = "-";
				CODE_SIGN_STYLE = Manual;
				COMBINE_HIDPI_IMAGES = YES;
				DEBUG_INFORMATION_FORMAT = dwarf;
				DEVELOPMENT_TEAM = "";
				GCC_C_LANGUAGE_STANDARD = gnu11;
				INFOPLIST_FILE = Automattic_Tracks_OSXTests/Info.plist;
				LD_RUNPATH_SEARCH_PATHS = "$(inherited) @executable_path/../Frameworks @loader_path/../Frameworks";
				MACOSX_DEPLOYMENT_TARGET = 10.14;
				MTL_ENABLE_DEBUG_INFO = INCLUDE_SOURCE;
				MTL_FAST_MATH = YES;
				PRODUCT_BUNDLE_IDENTIFIER = "com.automattic.Automattic-Tracks-OSXTests";
				PRODUCT_NAME = "$(TARGET_NAME)";
				PROVISIONING_PROFILE_SPECIFIER = "";
				SDKROOT = macosx;
				SWIFT_OBJC_BRIDGING_HEADER = "Automattic-Tracks-iOSTests/Automattic-Tracks-iOSTests-Bridging-Header.h";
				SWIFT_SWIFT3_OBJC_INFERENCE = Off;
				SWIFT_VERSION = 5.0;
			};
			name = Debug;
		};
		F970F42421E7BBD8000664D2 /* Release */ = {
			isa = XCBuildConfiguration;
			baseConfigurationReference = 3AF418C8EF68BCAA9CA82B3C /* Pods-Automattic_Tracks_OSXTests.release.xcconfig */;
			buildSettings = {
				ALWAYS_EMBED_SWIFT_STANDARD_LIBRARIES = "$(inherited)";
				CLANG_ANALYZER_NONNULL = YES;
				CLANG_ANALYZER_NUMBER_OBJECT_CONVERSION = YES_AGGRESSIVE;
				CLANG_CXX_LANGUAGE_STANDARD = "gnu++14";
				CLANG_ENABLE_OBJC_WEAK = YES;
				CLANG_WARN_DEPRECATED_OBJC_IMPLEMENTATIONS = YES;
				CLANG_WARN_DOCUMENTATION_COMMENTS = YES;
				CLANG_WARN_OBJC_IMPLICIT_RETAIN_SELF = YES;
				CLANG_WARN_UNGUARDED_AVAILABILITY = YES_AGGRESSIVE;
				CODE_SIGN_IDENTITY = "-";
				CODE_SIGN_STYLE = Manual;
				COMBINE_HIDPI_IMAGES = YES;
				DEBUG_INFORMATION_FORMAT = "dwarf-with-dsym";
				DEVELOPMENT_TEAM = "";
				GCC_C_LANGUAGE_STANDARD = gnu11;
				INFOPLIST_FILE = Automattic_Tracks_OSXTests/Info.plist;
				LD_RUNPATH_SEARCH_PATHS = "$(inherited) @executable_path/../Frameworks @loader_path/../Frameworks";
				MACOSX_DEPLOYMENT_TARGET = 10.14;
				MTL_FAST_MATH = YES;
				PRODUCT_BUNDLE_IDENTIFIER = "com.automattic.Automattic-Tracks-OSXTests";
				PRODUCT_NAME = "$(TARGET_NAME)";
				PROVISIONING_PROFILE_SPECIFIER = "";
				SDKROOT = macosx;
				SWIFT_OBJC_BRIDGING_HEADER = "Automattic-Tracks-iOSTests/Automattic-Tracks-iOSTests-Bridging-Header.h";
				SWIFT_SWIFT3_OBJC_INFERENCE = Off;
				SWIFT_VERSION = 5.0;
			};
			name = Release;
		};
		F9A117B621E69B42002A5CD8 /* Debug */ = {
			isa = XCBuildConfiguration;
			baseConfigurationReference = 6CAA4DA76E13B617281D5E5C /* Pods-Automattic-Tracks-OSX.debug.xcconfig */;
			buildSettings = {
				CLANG_ALLOW_NON_MODULAR_INCLUDES_IN_FRAMEWORK_MODULES = YES;
				CLANG_ANALYZER_NONNULL = YES;
				CLANG_ANALYZER_NUMBER_OBJECT_CONVERSION = YES_AGGRESSIVE;
				CLANG_CXX_LANGUAGE_STANDARD = "gnu++14";
				CLANG_ENABLE_OBJC_WEAK = YES;
				CLANG_WARN_DEPRECATED_OBJC_IMPLEMENTATIONS = YES;
				CLANG_WARN_DOCUMENTATION_COMMENTS = YES;
				CLANG_WARN_OBJC_IMPLICIT_RETAIN_SELF = YES;
				CLANG_WARN_UNGUARDED_AVAILABILITY = YES_AGGRESSIVE;
				CLANG_WARN_UNREACHABLE_CODE = NO;
				CODE_SIGN_IDENTITY = "";
				CODE_SIGN_STYLE = Manual;
				COMBINE_HIDPI_IMAGES = YES;
				CURRENT_PROJECT_VERSION = 1;
				DEBUG_INFORMATION_FORMAT = dwarf;
				DEFINES_MODULE = YES;
				DEVELOPMENT_TEAM = "";
				DYLIB_COMPATIBILITY_VERSION = 1;
				DYLIB_CURRENT_VERSION = 1;
				DYLIB_INSTALL_NAME_BASE = "@rpath";
				FRAMEWORK_VERSION = A;
				GCC_C_LANGUAGE_STANDARD = gnu11;
				INFOPLIST_FILE = "Automattic-Tracks-OSX/Info.plist";
				INSTALL_PATH = "$(LOCAL_LIBRARY_DIR)/Frameworks";
				LD_RUNPATH_SEARCH_PATHS = "$(inherited) @executable_path/../Frameworks @loader_path/Frameworks";
				MACOSX_DEPLOYMENT_TARGET = 10.11;
				MTL_ENABLE_DEBUG_INFO = INCLUDE_SOURCE;
				MTL_FAST_MATH = YES;
				PRODUCT_BUNDLE_IDENTIFIER = "com.automattic.Automattic-Tracks-OSX";
				PRODUCT_NAME = AutomatticTracks;
				PROVISIONING_PROFILE_SPECIFIER = "";
				SDKROOT = macosx;
				SKIP_INSTALL = YES;
				SWIFT_SWIFT3_OBJC_INFERENCE = Off;
				SWIFT_VERSION = 5.0;
				VERSIONING_SYSTEM = "apple-generic";
				VERSION_INFO_PREFIX = "";
			};
			name = Debug;
		};
		F9A117B721E69B42002A5CD8 /* Release */ = {
			isa = XCBuildConfiguration;
			baseConfigurationReference = 652046E1289B7D1235BB7FD4 /* Pods-Automattic-Tracks-OSX.release.xcconfig */;
			buildSettings = {
				CLANG_ALLOW_NON_MODULAR_INCLUDES_IN_FRAMEWORK_MODULES = YES;
				CLANG_ANALYZER_NONNULL = YES;
				CLANG_ANALYZER_NUMBER_OBJECT_CONVERSION = YES_AGGRESSIVE;
				CLANG_CXX_LANGUAGE_STANDARD = "gnu++14";
				CLANG_ENABLE_OBJC_WEAK = YES;
				CLANG_WARN_DEPRECATED_OBJC_IMPLEMENTATIONS = YES;
				CLANG_WARN_DOCUMENTATION_COMMENTS = YES;
				CLANG_WARN_OBJC_IMPLICIT_RETAIN_SELF = YES;
				CLANG_WARN_UNGUARDED_AVAILABILITY = YES_AGGRESSIVE;
				CLANG_WARN_UNREACHABLE_CODE = NO;
				CODE_SIGN_IDENTITY = "";
				CODE_SIGN_STYLE = Manual;
				COMBINE_HIDPI_IMAGES = YES;
				CURRENT_PROJECT_VERSION = 1;
				DEBUG_INFORMATION_FORMAT = "dwarf-with-dsym";
				DEFINES_MODULE = YES;
				DEVELOPMENT_TEAM = "";
				DYLIB_COMPATIBILITY_VERSION = 1;
				DYLIB_CURRENT_VERSION = 1;
				DYLIB_INSTALL_NAME_BASE = "@rpath";
				FRAMEWORK_VERSION = A;
				GCC_C_LANGUAGE_STANDARD = gnu11;
				INFOPLIST_FILE = "Automattic-Tracks-OSX/Info.plist";
				INSTALL_PATH = "$(LOCAL_LIBRARY_DIR)/Frameworks";
				LD_RUNPATH_SEARCH_PATHS = "$(inherited) @executable_path/../Frameworks @loader_path/Frameworks";
				MACOSX_DEPLOYMENT_TARGET = 10.11;
				MTL_FAST_MATH = YES;
				PRODUCT_BUNDLE_IDENTIFIER = "com.automattic.Automattic-Tracks-OSX";
				PRODUCT_NAME = AutomatticTracks;
				PROVISIONING_PROFILE_SPECIFIER = "";
				SDKROOT = macosx;
				SKIP_INSTALL = YES;
				SWIFT_SWIFT3_OBJC_INFERENCE = Off;
				SWIFT_VERSION = 5.0;
				VERSIONING_SYSTEM = "apple-generic";
				VERSION_INFO_PREFIX = "";
			};
			name = Release;
		};
/* End XCBuildConfiguration section */

/* Begin XCConfigurationList section */
		93B5C7BC1CE25D40002820B3 /* Build configuration list for PBXNativeTarget "Automattic-Tracks-iOS" */ = {
			isa = XCConfigurationList;
			buildConfigurations = (
				93B5C7BD1CE25D40002820B3 /* Debug */,
				93B5C7BE1CE25D40002820B3 /* Release */,
			);
			defaultConfigurationIsVisible = 0;
			defaultConfigurationName = Release;
		};
		93B5C7BF1CE25D40002820B3 /* Build configuration list for PBXNativeTarget "Automattic-Tracks-iOSTests" */ = {
			isa = XCConfigurationList;
			buildConfigurations = (
				93B5C7C01CE25D40002820B3 /* Debug */,
				93B5C7C11CE25D40002820B3 /* Release */,
			);
			defaultConfigurationIsVisible = 0;
			defaultConfigurationName = Release;
		};
		93C021141AB0A6330014096A /* Build configuration list for PBXProject "Automattic-Tracks-iOS" */ = {
			isa = XCConfigurationList;
			buildConfigurations = (
				93C0212B1AB0A6330014096A /* Debug */,
				93C0212C1AB0A6330014096A /* Release */,
			);
			defaultConfigurationIsVisible = 0;
			defaultConfigurationName = Release;
		};
		F970F42521E7BBD8000664D2 /* Build configuration list for PBXNativeTarget "Automattic_Tracks_OSXTests" */ = {
			isa = XCConfigurationList;
			buildConfigurations = (
				F970F42321E7BBD8000664D2 /* Debug */,
				F970F42421E7BBD8000664D2 /* Release */,
			);
			defaultConfigurationIsVisible = 0;
			defaultConfigurationName = Release;
		};
		F9A117B821E69B42002A5CD8 /* Build configuration list for PBXNativeTarget "Automattic-Tracks-OSX" */ = {
			isa = XCConfigurationList;
			buildConfigurations = (
				F9A117B621E69B42002A5CD8 /* Debug */,
				F9A117B721E69B42002A5CD8 /* Release */,
			);
			defaultConfigurationIsVisible = 0;
			defaultConfigurationName = Release;
		};
/* End XCConfigurationList section */

/* Begin XCVersionGroup section */
		F9788D8824219D66000A9BB5 /* Tracks.xcdatamodeld */ = {
			isa = XCVersionGroup;
			children = (
				F9788D8924219D66000A9BB5 /* Tracks.xcdatamodel */,
			);
			currentVersion = F9788D8924219D66000A9BB5 /* Tracks.xcdatamodel */;
			path = Tracks.xcdatamodeld;
			sourceTree = "<group>";
			versionGroupType = wrapper.xcdatamodel;
		};
/* End XCVersionGroup section */
	};
	rootObject = 93C021111AB0A6330014096A /* Project object */;
}
