// !$*UTF8*$!
{
	archiveVersion = 1;
	classes = {
	};
	objectVersion = 52;
	objects = {

/* Begin PBXBuildFile section */
		24723BE026C72630008DC1E8 /* Secrets.swift in Sources */ = {isa = PBXBuildFile; fileRef = 24FB4D4125B2AF0C006E4031 /* Secrets.swift */; };
		24723BE126C72631008DC1E8 /* Secrets.swift in Sources */ = {isa = PBXBuildFile; fileRef = 24FB4D4125B2AF0C006E4031 /* Secrets.swift */; };
		24FB4D1B25B2AE2C006E4031 /* CrashLoggingRootViewController.swift in Sources */ = {isa = PBXBuildFile; fileRef = 24FB4D1A25B2AE2C006E4031 /* CrashLoggingRootViewController.swift */; };
		24FB4D3D25B2AF02006E4031 /* CrashLoggingDataSource.swift in Sources */ = {isa = PBXBuildFile; fileRef = 24FB4D3C25B2AF02006E4031 /* CrashLoggingDataSource.swift */; };
		24FB4D8425B2B304006E4031 /* CrashLoggingRootViewController.swift in Sources */ = {isa = PBXBuildFile; fileRef = 24FB4D8325B2B304006E4031 /* CrashLoggingRootViewController.swift */; };
		24FB4D8E25B2B332006E4031 /* CrashLoggingDataSource.swift in Sources */ = {isa = PBXBuildFile; fileRef = 24FB4D3C25B2AF02006E4031 /* CrashLoggingDataSource.swift */; };
		937632941AC2026900086BC6 /* main.m in Sources */ = {isa = PBXBuildFile; fileRef = 937632931AC2026900086BC6 /* main.m */; };
		937632971AC2026900086BC6 /* AppDelegate.m in Sources */ = {isa = PBXBuildFile; fileRef = 937632961AC2026900086BC6 /* AppDelegate.m */; };
		9376329A1AC2026900086BC6 /* ViewController.m in Sources */ = {isa = PBXBuildFile; fileRef = 937632991AC2026900086BC6 /* ViewController.m */; };
		9376329D1AC2026900086BC6 /* Main.storyboard in Resources */ = {isa = PBXBuildFile; fileRef = 9376329B1AC2026900086BC6 /* Main.storyboard */; };
		9376329F1AC2026900086BC6 /* Images.xcassets in Resources */ = {isa = PBXBuildFile; fileRef = 9376329E1AC2026900086BC6 /* Images.xcassets */; };
		937632A21AC2026900086BC6 /* LaunchScreen.xib in Resources */ = {isa = PBXBuildFile; fileRef = 937632A01AC2026900086BC6 /* LaunchScreen.xib */; };
		937632AE1AC2026900086BC6 /* TracksDemoTests.m in Sources */ = {isa = PBXBuildFile; fileRef = 937632AD1AC2026900086BC6 /* TracksDemoTests.m */; };
		B76FDFD926BC5DB90059054B /* AutomatticTracks in Frameworks */ = {isa = PBXBuildFile; productRef = B76FDFD826BC5DB90059054B /* AutomatticTracks */; };
		B76FDFDB26BC5DC20059054B /* AutomatticTracks in Frameworks */ = {isa = PBXBuildFile; productRef = B76FDFDA26BC5DC20059054B /* AutomatticTracks */; };
		B76FDFDE26BC5E150059054B /* CocoaLumberjack in Frameworks */ = {isa = PBXBuildFile; productRef = B76FDFDD26BC5E150059054B /* CocoaLumberjack */; };
		F93676FB21DFFDC700323458 /* AppDelegate.swift in Sources */ = {isa = PBXBuildFile; fileRef = F93676FA21DFFDC700323458 /* AppDelegate.swift */; };
		F93676FD21DFFDC700323458 /* ViewController.swift in Sources */ = {isa = PBXBuildFile; fileRef = F93676FC21DFFDC700323458 /* ViewController.swift */; };
		F93676FF21DFFDC800323458 /* Assets.xcassets in Resources */ = {isa = PBXBuildFile; fileRef = F93676FE21DFFDC800323458 /* Assets.xcassets */; };
		F936770221DFFDC800323458 /* Main.storyboard in Resources */ = {isa = PBXBuildFile; fileRef = F936770021DFFDC800323458 /* Main.storyboard */; };
/* End PBXBuildFile section */

/* Begin PBXContainerItemProxy section */
		937632A81AC2026900086BC6 /* PBXContainerItemProxy */ = {
			isa = PBXContainerItemProxy;
			containerPortal = 937632861AC2026900086BC6 /* Project object */;
			proxyType = 1;
			remoteGlobalIDString = 9376328D1AC2026900086BC6;
			remoteInfo = TracksDemo;
		};
/* End PBXContainerItemProxy section */

/* Begin PBXFileReference section */
		2470EBC126D84C4600B599BD /* TracksDemo Mac.entitlements */ = {isa = PBXFileReference; lastKnownFileType = text.plist.entitlements; path = "TracksDemo Mac.entitlements"; sourceTree = "<group>"; };
		24FB4D1925B2AE2B006E4031 /* TracksDemo-Bridging-Header.h */ = {isa = PBXFileReference; lastKnownFileType = sourcecode.c.h; path = "TracksDemo-Bridging-Header.h"; sourceTree = "<group>"; };
		24FB4D1A25B2AE2C006E4031 /* CrashLoggingRootViewController.swift */ = {isa = PBXFileReference; lastKnownFileType = sourcecode.swift; path = CrashLoggingRootViewController.swift; sourceTree = "<group>"; };
		24FB4D3C25B2AF02006E4031 /* CrashLoggingDataSource.swift */ = {isa = PBXFileReference; lastKnownFileType = sourcecode.swift; path = CrashLoggingDataSource.swift; sourceTree = "<group>"; };
		24FB4D4125B2AF0C006E4031 /* Secrets.swift */ = {isa = PBXFileReference; lastKnownFileType = sourcecode.swift; path = Secrets.swift; sourceTree = "<group>"; };
		24FB4D8325B2B304006E4031 /* CrashLoggingRootViewController.swift */ = {isa = PBXFileReference; lastKnownFileType = sourcecode.swift; path = CrashLoggingRootViewController.swift; sourceTree = "<group>"; };
		937539871AFA8A9000B94B2A /* TracksDemo_Prefix.pch */ = {isa = PBXFileReference; lastKnownFileType = sourcecode.c.h; path = TracksDemo_Prefix.pch; sourceTree = "<group>"; };
		9376328E1AC2026900086BC6 /* TracksDemo.app */ = {isa = PBXFileReference; explicitFileType = wrapper.application; includeInIndex = 0; path = TracksDemo.app; sourceTree = BUILT_PRODUCTS_DIR; };
		937632921AC2026900086BC6 /* Info.plist */ = {isa = PBXFileReference; lastKnownFileType = text.plist.xml; path = Info.plist; sourceTree = "<group>"; };
		937632931AC2026900086BC6 /* main.m */ = {isa = PBXFileReference; lastKnownFileType = sourcecode.c.objc; path = main.m; sourceTree = "<group>"; };
		937632951AC2026900086BC6 /* AppDelegate.h */ = {isa = PBXFileReference; lastKnownFileType = sourcecode.c.h; path = AppDelegate.h; sourceTree = "<group>"; };
		937632961AC2026900086BC6 /* AppDelegate.m */ = {isa = PBXFileReference; lastKnownFileType = sourcecode.c.objc; path = AppDelegate.m; sourceTree = "<group>"; };
		937632981AC2026900086BC6 /* ViewController.h */ = {isa = PBXFileReference; lastKnownFileType = sourcecode.c.h; path = ViewController.h; sourceTree = "<group>"; };
		937632991AC2026900086BC6 /* ViewController.m */ = {isa = PBXFileReference; lastKnownFileType = sourcecode.c.objc; path = ViewController.m; sourceTree = "<group>"; };
		9376329C1AC2026900086BC6 /* Base */ = {isa = PBXFileReference; lastKnownFileType = file.storyboard; name = Base; path = Base.lproj/Main.storyboard; sourceTree = "<group>"; };
		9376329E1AC2026900086BC6 /* Images.xcassets */ = {isa = PBXFileReference; lastKnownFileType = folder.assetcatalog; path = Images.xcassets; sourceTree = "<group>"; };
		937632A11AC2026900086BC6 /* Base */ = {isa = PBXFileReference; lastKnownFileType = file.xib; name = Base; path = Base.lproj/LaunchScreen.xib; sourceTree = "<group>"; };
		937632A71AC2026900086BC6 /* TracksDemoTests.xctest */ = {isa = PBXFileReference; explicitFileType = wrapper.cfbundle; includeInIndex = 0; path = TracksDemoTests.xctest; sourceTree = BUILT_PRODUCTS_DIR; };
		937632AC1AC2026900086BC6 /* Info.plist */ = {isa = PBXFileReference; lastKnownFileType = text.plist.xml; path = Info.plist; sourceTree = "<group>"; };
		937632AD1AC2026900086BC6 /* TracksDemoTests.m */ = {isa = PBXFileReference; lastKnownFileType = sourcecode.c.objc; path = TracksDemoTests.m; sourceTree = "<group>"; };
		B7165D5D26AF293700962FF4 /* Automattic-Tracks-iOS */ = {isa = PBXFileReference; lastKnownFileType = folder; name = "Automattic-Tracks-iOS"; path = ..; sourceTree = "<group>"; };
		F93676F821DFFDC700323458 /* TracksDemo Mac.app */ = {isa = PBXFileReference; explicitFileType = wrapper.application; includeInIndex = 0; path = "TracksDemo Mac.app"; sourceTree = BUILT_PRODUCTS_DIR; };
		F93676FA21DFFDC700323458 /* AppDelegate.swift */ = {isa = PBXFileReference; lastKnownFileType = sourcecode.swift; path = AppDelegate.swift; sourceTree = "<group>"; };
		F93676FC21DFFDC700323458 /* ViewController.swift */ = {isa = PBXFileReference; lastKnownFileType = sourcecode.swift; path = ViewController.swift; sourceTree = "<group>"; };
		F93676FE21DFFDC800323458 /* Assets.xcassets */ = {isa = PBXFileReference; lastKnownFileType = folder.assetcatalog; path = Assets.xcassets; sourceTree = "<group>"; };
		F936770121DFFDC800323458 /* Base */ = {isa = PBXFileReference; lastKnownFileType = file.storyboard; name = Base; path = Base.lproj/Main.storyboard; sourceTree = "<group>"; };
		F936770321DFFDC800323458 /* Info.plist */ = {isa = PBXFileReference; lastKnownFileType = text.plist.xml; path = Info.plist; sourceTree = "<group>"; };
		F936770421DFFDC800323458 /* TracksDemo_Mac.entitlements */ = {isa = PBXFileReference; lastKnownFileType = text.plist.entitlements; path = TracksDemo_Mac.entitlements; sourceTree = "<group>"; };
/* End PBXFileReference section */

/* Begin PBXFrameworksBuildPhase section */
		9376328B1AC2026900086BC6 /* Frameworks */ = {
			isa = PBXFrameworksBuildPhase;
			buildActionMask = 2147483647;
			files = (
				B76FDFDE26BC5E150059054B /* CocoaLumberjack in Frameworks */,
				B76FDFD926BC5DB90059054B /* AutomatticTracks in Frameworks */,
			);
			runOnlyForDeploymentPostprocessing = 0;
		};
		937632A41AC2026900086BC6 /* Frameworks */ = {
			isa = PBXFrameworksBuildPhase;
			buildActionMask = 2147483647;
			files = (
			);
			runOnlyForDeploymentPostprocessing = 0;
		};
		F93676F521DFFDC700323458 /* Frameworks */ = {
			isa = PBXFrameworksBuildPhase;
			buildActionMask = 2147483647;
			files = (
				B76FDFDB26BC5DC20059054B /* AutomatticTracks in Frameworks */,
			);
			runOnlyForDeploymentPostprocessing = 0;
		};
/* End PBXFrameworksBuildPhase section */

/* Begin PBXGroup section */
		24FB4D3B25B2AEEA006E4031 /* Shared */ = {
			isa = PBXGroup;
			children = (
				24FB4D3C25B2AF02006E4031 /* CrashLoggingDataSource.swift */,
				24FB4D4125B2AF0C006E4031 /* Secrets.swift */,
			);
			path = Shared;
			sourceTree = "<group>";
		};
		937632851AC2026900086BC6 = {
			isa = PBXGroup;
			children = (
				B7165D5C26AF293700962FF4 /* Packages */,
				937632901AC2026900086BC6 /* TracksDemo */,
				F93676F921DFFDC700323458 /* TracksDemo Mac */,
				24FB4D3B25B2AEEA006E4031 /* Shared */,
				937632AA1AC2026900086BC6 /* TracksDemoTests */,
				9376328F1AC2026900086BC6 /* Products */,
				B71639B226AF298600C9FDAA /* Frameworks */,
			);
			sourceTree = "<group>";
		};
		9376328F1AC2026900086BC6 /* Products */ = {
			isa = PBXGroup;
			children = (
				9376328E1AC2026900086BC6 /* TracksDemo.app */,
				937632A71AC2026900086BC6 /* TracksDemoTests.xctest */,
				F93676F821DFFDC700323458 /* TracksDemo Mac.app */,
			);
			name = Products;
			sourceTree = "<group>";
		};
		937632901AC2026900086BC6 /* TracksDemo */ = {
			isa = PBXGroup;
			children = (
				937632951AC2026900086BC6 /* AppDelegate.h */,
				937632961AC2026900086BC6 /* AppDelegate.m */,
				937632981AC2026900086BC6 /* ViewController.h */,
				937632991AC2026900086BC6 /* ViewController.m */,
				9376329B1AC2026900086BC6 /* Main.storyboard */,
				9376329E1AC2026900086BC6 /* Images.xcassets */,
				937632A01AC2026900086BC6 /* LaunchScreen.xib */,
				937632911AC2026900086BC6 /* Supporting Files */,
				24FB4D1A25B2AE2C006E4031 /* CrashLoggingRootViewController.swift */,
				24FB4D1925B2AE2B006E4031 /* TracksDemo-Bridging-Header.h */,
			);
			path = TracksDemo;
			sourceTree = "<group>";
		};
		937632911AC2026900086BC6 /* Supporting Files */ = {
			isa = PBXGroup;
			children = (
				937539871AFA8A9000B94B2A /* TracksDemo_Prefix.pch */,
				937632921AC2026900086BC6 /* Info.plist */,
				937632931AC2026900086BC6 /* main.m */,
			);
			name = "Supporting Files";
			sourceTree = "<group>";
		};
		937632AA1AC2026900086BC6 /* TracksDemoTests */ = {
			isa = PBXGroup;
			children = (
				937632AD1AC2026900086BC6 /* TracksDemoTests.m */,
				937632AB1AC2026900086BC6 /* Supporting Files */,
			);
			path = TracksDemoTests;
			sourceTree = "<group>";
		};
		937632AB1AC2026900086BC6 /* Supporting Files */ = {
			isa = PBXGroup;
			children = (
				937632AC1AC2026900086BC6 /* Info.plist */,
			);
			name = "Supporting Files";
			sourceTree = "<group>";
		};
		B71639B226AF298600C9FDAA /* Frameworks */ = {
			isa = PBXGroup;
			children = (
			);
			name = Frameworks;
			sourceTree = "<group>";
		};
		B7165D5C26AF293700962FF4 /* Packages */ = {
			isa = PBXGroup;
			children = (
				B7165D5D26AF293700962FF4 /* Automattic-Tracks-iOS */,
			);
			name = Packages;
			sourceTree = "<group>";
		};
		F93676F921DFFDC700323458 /* TracksDemo Mac */ = {
			isa = PBXGroup;
			children = (
				2470EBC126D84C4600B599BD /* TracksDemo Mac.entitlements */,
				F93676FA21DFFDC700323458 /* AppDelegate.swift */,
				F93676FC21DFFDC700323458 /* ViewController.swift */,
				24FB4D8325B2B304006E4031 /* CrashLoggingRootViewController.swift */,
				F93676FE21DFFDC800323458 /* Assets.xcassets */,
				F936770021DFFDC800323458 /* Main.storyboard */,
				F936770321DFFDC800323458 /* Info.plist */,
				F936770421DFFDC800323458 /* TracksDemo_Mac.entitlements */,
			);
			path = "TracksDemo Mac";
			sourceTree = "<group>";
		};
/* End PBXGroup section */

/* Begin PBXNativeTarget section */
		9376328D1AC2026900086BC6 /* TracksDemo */ = {
			isa = PBXNativeTarget;
			buildConfigurationList = 937632B11AC2026900086BC6 /* Build configuration list for PBXNativeTarget "TracksDemo" */;
			buildPhases = (
				24FB4D4725B2B0E0006E4031 /* Add Sample Secrets */,
				9376328A1AC2026900086BC6 /* Sources */,
				9376328B1AC2026900086BC6 /* Frameworks */,
				9376328C1AC2026900086BC6 /* Resources */,
			);
			buildRules = (
			);
			dependencies = (
			);
			name = TracksDemo;
			packageProductDependencies = (
				B76FDFD826BC5DB90059054B /* AutomatticTracks */,
				B76FDFDD26BC5E150059054B /* CocoaLumberjack */,
			);
			productName = TracksDemo;
			productReference = 9376328E1AC2026900086BC6 /* TracksDemo.app */;
			productType = "com.apple.product-type.application";
		};
		937632A61AC2026900086BC6 /* TracksDemoTests */ = {
			isa = PBXNativeTarget;
			buildConfigurationList = 937632B41AC2026900086BC6 /* Build configuration list for PBXNativeTarget "TracksDemoTests" */;
			buildPhases = (
				937632A31AC2026900086BC6 /* Sources */,
				937632A41AC2026900086BC6 /* Frameworks */,
				937632A51AC2026900086BC6 /* Resources */,
			);
			buildRules = (
			);
			dependencies = (
				937632A91AC2026900086BC6 /* PBXTargetDependency */,
			);
			name = TracksDemoTests;
			productName = TracksDemoTests;
			productReference = 937632A71AC2026900086BC6 /* TracksDemoTests.xctest */;
			productType = "com.apple.product-type.bundle.unit-test";
		};
		F93676F721DFFDC700323458 /* TracksDemo Mac */ = {
			isa = PBXNativeTarget;
			buildConfigurationList = F936770521DFFDC800323458 /* Build configuration list for PBXNativeTarget "TracksDemo Mac" */;
			buildPhases = (
				24723BD926C6FAFA008DC1E8 /* Add Sample Secrets */,
				F93676F421DFFDC700323458 /* Sources */,
				F93676F521DFFDC700323458 /* Frameworks */,
				F93676F621DFFDC700323458 /* Resources */,
			);
			buildRules = (
			);
			dependencies = (
			);
			name = "TracksDemo Mac";
			packageProductDependencies = (
				B76FDFDA26BC5DC20059054B /* AutomatticTracks */,
			);
			productName = "TracksDemo Mac";
			productReference = F93676F821DFFDC700323458 /* TracksDemo Mac.app */;
			productType = "com.apple.product-type.application";
		};
/* End PBXNativeTarget section */

/* Begin PBXProject section */
		937632861AC2026900086BC6 /* Project object */ = {
			isa = PBXProject;
			attributes = {
				LastSwiftUpdateCheck = 1010;
				LastUpgradeCheck = 1010;
				ORGANIZATIONNAME = "Automattic Inc.";
				TargetAttributes = {
					9376328D1AC2026900086BC6 = {
						CreatedOnToolsVersion = 6.2;
						DevelopmentTeam = PZYM8XX95Q;
						LastSwiftMigration = 1230;
					};
					937632A61AC2026900086BC6 = {
						CreatedOnToolsVersion = 6.2;
						TestTargetID = 9376328D1AC2026900086BC6;
					};
					F93676F721DFFDC700323458 = {
						CreatedOnToolsVersion = 10.1;
					};
				};
			};
			buildConfigurationList = 937632891AC2026900086BC6 /* Build configuration list for PBXProject "TracksDemo" */;
			compatibilityVersion = "Xcode 3.2";
			developmentRegion = English;
			hasScannedForEncodings = 0;
			knownRegions = (
				English,
				en,
				Base,
			);
			mainGroup = 937632851AC2026900086BC6;
			packageReferences = (
				B76FDFDC26BC5E150059054B /* XCRemoteSwiftPackageReference "CocoaLumberjack" */,
			);
			productRefGroup = 9376328F1AC2026900086BC6 /* Products */;
			projectDirPath = "";
			projectRoot = "";
			targets = (
				9376328D1AC2026900086BC6 /* TracksDemo */,
				937632A61AC2026900086BC6 /* TracksDemoTests */,
				F93676F721DFFDC700323458 /* TracksDemo Mac */,
			);
		};
/* End PBXProject section */

/* Begin PBXResourcesBuildPhase section */
		9376328C1AC2026900086BC6 /* Resources */ = {
			isa = PBXResourcesBuildPhase;
			buildActionMask = 2147483647;
			files = (
				9376329D1AC2026900086BC6 /* Main.storyboard in Resources */,
				937632A21AC2026900086BC6 /* LaunchScreen.xib in Resources */,
				9376329F1AC2026900086BC6 /* Images.xcassets in Resources */,
			);
			runOnlyForDeploymentPostprocessing = 0;
		};
		937632A51AC2026900086BC6 /* Resources */ = {
			isa = PBXResourcesBuildPhase;
			buildActionMask = 2147483647;
			files = (
			);
			runOnlyForDeploymentPostprocessing = 0;
		};
		F93676F621DFFDC700323458 /* Resources */ = {
			isa = PBXResourcesBuildPhase;
			buildActionMask = 2147483647;
			files = (
				F93676FF21DFFDC800323458 /* Assets.xcassets in Resources */,
				F936770221DFFDC800323458 /* Main.storyboard in Resources */,
			);
			runOnlyForDeploymentPostprocessing = 0;
		};
/* End PBXResourcesBuildPhase section */

/* Begin PBXShellScriptBuildPhase section */
		24723BD926C6FAFA008DC1E8 /* Add Sample Secrets */ = {
			isa = PBXShellScriptBuildPhase;
			buildActionMask = 2147483647;
			files = (
			);
			inputFileListPaths = (
			);
			inputPaths = (
				"$(SRCROOT)/Shared/Secrets.example.swift",
			);
			name = "Add Sample Secrets";
			outputFileListPaths = (
			);
			outputPaths = (
				"$(SRCROOT)/Shared/Secrets.swift",
			);
			runOnlyForDeploymentPostprocessing = 0;
			shellPath = /bin/sh;
			shellScript = "# Type a script or drag a script file from your workspace to insert its path.\nSOURCE=\"$SRCROOT/Shared/Secrets.example.swift\"\nDESTINATION=\"$SRCROOT/Shared/Secrets.swift\"\nif [ ! -f $DESTINATION ]; then\n    echo \"Secrets file does not exist at $DESTINATION – copying from example file\"\n    cp $SOURCE $DESTINATION\nfi\n";
		};
		24FB4D4725B2B0E0006E4031 /* Add Sample Secrets */ = {
			isa = PBXShellScriptBuildPhase;
			buildActionMask = 2147483647;
			files = (
			);
			inputFileListPaths = (
			);
			inputPaths = (
				"$(SRCROOT)/Shared/Secrets.example.swift",
			);
			name = "Add Sample Secrets";
			outputFileListPaths = (
			);
			outputPaths = (
				"$(SRCROOT)/Shared/Secrets.swift",
			);
			runOnlyForDeploymentPostprocessing = 0;
			shellPath = /bin/sh;
			shellScript = "# Type a script or drag a script file from your workspace to insert its path.\nSOURCE=\"$SRCROOT/Shared/Secrets.example.swift\"\nDESTINATION=\"$SRCROOT/Shared/Secrets.swift\"\nif [ ! -f $DESTINATION ]; then\n    echo \"Secrets file does not exist at $DESTINATION – copying from example file\"\n    cp $SOURCE $DESTINATION\nfi\n";
		};
/* End PBXShellScriptBuildPhase section */

/* Begin PBXSourcesBuildPhase section */
		9376328A1AC2026900086BC6 /* Sources */ = {
			isa = PBXSourcesBuildPhase;
			buildActionMask = 2147483647;
			files = (
				24FB4D3D25B2AF02006E4031 /* CrashLoggingDataSource.swift in Sources */,
				24723BE026C72630008DC1E8 /* Secrets.swift in Sources */,
				9376329A1AC2026900086BC6 /* ViewController.m in Sources */,
				24FB4D1B25B2AE2C006E4031 /* CrashLoggingRootViewController.swift in Sources */,
				937632971AC2026900086BC6 /* AppDelegate.m in Sources */,
				937632941AC2026900086BC6 /* main.m in Sources */,
			);
			runOnlyForDeploymentPostprocessing = 0;
		};
		937632A31AC2026900086BC6 /* Sources */ = {
			isa = PBXSourcesBuildPhase;
			buildActionMask = 2147483647;
			files = (
				937632AE1AC2026900086BC6 /* TracksDemoTests.m in Sources */,
			);
			runOnlyForDeploymentPostprocessing = 0;
		};
		F93676F421DFFDC700323458 /* Sources */ = {
			isa = PBXSourcesBuildPhase;
			buildActionMask = 2147483647;
			files = (
				24FB4D8425B2B304006E4031 /* CrashLoggingRootViewController.swift in Sources */,
				24723BE126C72631008DC1E8 /* Secrets.swift in Sources */,
				F93676FD21DFFDC700323458 /* ViewController.swift in Sources */,
				24FB4D8E25B2B332006E4031 /* CrashLoggingDataSource.swift in Sources */,
				F93676FB21DFFDC700323458 /* AppDelegate.swift in Sources */,
			);
			runOnlyForDeploymentPostprocessing = 0;
		};
/* End PBXSourcesBuildPhase section */

/* Begin PBXTargetDependency section */
		937632A91AC2026900086BC6 /* PBXTargetDependency */ = {
			isa = PBXTargetDependency;
			target = 9376328D1AC2026900086BC6 /* TracksDemo */;
			targetProxy = 937632A81AC2026900086BC6 /* PBXContainerItemProxy */;
		};
/* End PBXTargetDependency section */

/* Begin PBXVariantGroup section */
		9376329B1AC2026900086BC6 /* Main.storyboard */ = {
			isa = PBXVariantGroup;
			children = (
				9376329C1AC2026900086BC6 /* Base */,
			);
			name = Main.storyboard;
			sourceTree = "<group>";
		};
		937632A01AC2026900086BC6 /* LaunchScreen.xib */ = {
			isa = PBXVariantGroup;
			children = (
				937632A11AC2026900086BC6 /* Base */,
			);
			name = LaunchScreen.xib;
			sourceTree = "<group>";
		};
		F936770021DFFDC800323458 /* Main.storyboard */ = {
			isa = PBXVariantGroup;
			children = (
				F936770121DFFDC800323458 /* Base */,
			);
			name = Main.storyboard;
			sourceTree = "<group>";
		};
/* End PBXVariantGroup section */

/* Begin XCBuildConfiguration section */
		937632AF1AC2026900086BC6 /* Debug */ = {
			isa = XCBuildConfiguration;
			buildSettings = {
				ALWAYS_SEARCH_USER_PATHS = NO;
				CLANG_CXX_LANGUAGE_STANDARD = "gnu++0x";
				CLANG_CXX_LIBRARY = "libc++";
				CLANG_ENABLE_MODULES = YES;
				CLANG_ENABLE_OBJC_ARC = YES;
				CLANG_WARN_BLOCK_CAPTURE_AUTORELEASING = YES;
				CLANG_WARN_BOOL_CONVERSION = YES;
				CLANG_WARN_COMMA = YES;
				CLANG_WARN_CONSTANT_CONVERSION = YES;
				CLANG_WARN_DEPRECATED_OBJC_IMPLEMENTATIONS = YES;
				CLANG_WARN_DIRECT_OBJC_ISA_USAGE = YES_ERROR;
				CLANG_WARN_EMPTY_BODY = YES;
				CLANG_WARN_ENUM_CONVERSION = YES;
				CLANG_WARN_INFINITE_RECURSION = YES;
				CLANG_WARN_INT_CONVERSION = YES;
				CLANG_WARN_NON_LITERAL_NULL_CONVERSION = YES;
				CLANG_WARN_OBJC_IMPLICIT_RETAIN_SELF = YES;
				CLANG_WARN_OBJC_LITERAL_CONVERSION = YES;
				CLANG_WARN_OBJC_ROOT_CLASS = YES_ERROR;
				CLANG_WARN_RANGE_LOOP_ANALYSIS = YES;
				CLANG_WARN_STRICT_PROTOTYPES = YES;
				CLANG_WARN_SUSPICIOUS_MOVE = YES;
				CLANG_WARN_UNREACHABLE_CODE = YES;
				CLANG_WARN__DUPLICATE_METHOD_MATCH = YES;
				"CODE_SIGN_IDENTITY[sdk=iphoneos*]" = "iPhone Developer";
				COPY_PHASE_STRIP = NO;
				ENABLE_STRICT_OBJC_MSGSEND = YES;
				ENABLE_TESTABILITY = YES;
				GCC_C_LANGUAGE_STANDARD = gnu99;
				GCC_DYNAMIC_NO_PIC = NO;
				GCC_NO_COMMON_BLOCKS = YES;
				GCC_OPTIMIZATION_LEVEL = 0;
				GCC_PREPROCESSOR_DEFINITIONS = (
					"DEBUG=1",
					"$(inherited)",
				);
				GCC_SYMBOLS_PRIVATE_EXTERN = NO;
				GCC_WARN_64_TO_32_BIT_CONVERSION = YES;
				GCC_WARN_ABOUT_RETURN_TYPE = YES_ERROR;
				GCC_WARN_UNDECLARED_SELECTOR = YES;
				GCC_WARN_UNINITIALIZED_AUTOS = YES_AGGRESSIVE;
				GCC_WARN_UNUSED_FUNCTION = YES;
				GCC_WARN_UNUSED_VARIABLE = YES;
				IPHONEOS_DEPLOYMENT_TARGET = 8.2;
				MTL_ENABLE_DEBUG_INFO = YES;
				ONLY_ACTIVE_ARCH = YES;
				SDKROOT = iphoneos;
				TARGETED_DEVICE_FAMILY = "1,2";
			};
			name = Debug;
		};
		937632B01AC2026900086BC6 /* Release */ = {
			isa = XCBuildConfiguration;
			buildSettings = {
				ALWAYS_SEARCH_USER_PATHS = NO;
				CLANG_CXX_LANGUAGE_STANDARD = "gnu++0x";
				CLANG_CXX_LIBRARY = "libc++";
				CLANG_ENABLE_MODULES = YES;
				CLANG_ENABLE_OBJC_ARC = YES;
				CLANG_WARN_BLOCK_CAPTURE_AUTORELEASING = YES;
				CLANG_WARN_BOOL_CONVERSION = YES;
				CLANG_WARN_COMMA = YES;
				CLANG_WARN_CONSTANT_CONVERSION = YES;
				CLANG_WARN_DEPRECATED_OBJC_IMPLEMENTATIONS = YES;
				CLANG_WARN_DIRECT_OBJC_ISA_USAGE = YES_ERROR;
				CLANG_WARN_EMPTY_BODY = YES;
				CLANG_WARN_ENUM_CONVERSION = YES;
				CLANG_WARN_INFINITE_RECURSION = YES;
				CLANG_WARN_INT_CONVERSION = YES;
				CLANG_WARN_NON_LITERAL_NULL_CONVERSION = YES;
				CLANG_WARN_OBJC_IMPLICIT_RETAIN_SELF = YES;
				CLANG_WARN_OBJC_LITERAL_CONVERSION = YES;
				CLANG_WARN_OBJC_ROOT_CLASS = YES_ERROR;
				CLANG_WARN_RANGE_LOOP_ANALYSIS = YES;
				CLANG_WARN_STRICT_PROTOTYPES = YES;
				CLANG_WARN_SUSPICIOUS_MOVE = YES;
				CLANG_WARN_UNREACHABLE_CODE = YES;
				CLANG_WARN__DUPLICATE_METHOD_MATCH = YES;
				"CODE_SIGN_IDENTITY[sdk=iphoneos*]" = "iPhone Developer";
				COPY_PHASE_STRIP = NO;
				ENABLE_NS_ASSERTIONS = NO;
				ENABLE_STRICT_OBJC_MSGSEND = YES;
				GCC_C_LANGUAGE_STANDARD = gnu99;
				GCC_NO_COMMON_BLOCKS = YES;
				GCC_WARN_64_TO_32_BIT_CONVERSION = YES;
				GCC_WARN_ABOUT_RETURN_TYPE = YES_ERROR;
				GCC_WARN_UNDECLARED_SELECTOR = YES;
				GCC_WARN_UNINITIALIZED_AUTOS = YES_AGGRESSIVE;
				GCC_WARN_UNUSED_FUNCTION = YES;
				GCC_WARN_UNUSED_VARIABLE = YES;
				IPHONEOS_DEPLOYMENT_TARGET = 8.2;
				MTL_ENABLE_DEBUG_INFO = NO;
				SDKROOT = iphoneos;
				TARGETED_DEVICE_FAMILY = "1,2";
				VALIDATE_PRODUCT = YES;
			};
			name = Release;
		};
		937632B21AC2026900086BC6 /* Debug */ = {
			isa = XCBuildConfiguration;
			buildSettings = {
				ASSETCATALOG_COMPILER_APPICON_NAME = AppIcon;
				CLANG_ENABLE_MODULES = YES;
				CODE_SIGN_IDENTITY = "iPhone Developer";
				GCC_PREFIX_HEADER = TracksDemo/TracksDemo_Prefix.pch;
				INFOPLIST_FILE = TracksDemo/Info.plist;
				IPHONEOS_DEPLOYMENT_TARGET = 13.0;
				LD_RUNPATH_SEARCH_PATHS = (
					"$(inherited)",
					"@executable_path/Frameworks",
				);
				PRODUCT_BUNDLE_IDENTIFIER = "com.automattic.$(PRODUCT_NAME:rfc1034identifier)";
				PRODUCT_NAME = "$(TARGET_NAME)";
				PROVISIONING_PROFILE = "";
				SWIFT_OBJC_BRIDGING_HEADER = "TracksDemo/TracksDemo-Bridging-Header.h";
				SWIFT_OPTIMIZATION_LEVEL = "-Onone";
				SWIFT_VERSION = 5.0;
			};
			name = Debug;
		};
		937632B31AC2026900086BC6 /* Release */ = {
			isa = XCBuildConfiguration;
			buildSettings = {
				ASSETCATALOG_COMPILER_APPICON_NAME = AppIcon;
				CLANG_ENABLE_MODULES = YES;
				CODE_SIGN_IDENTITY = "iPhone Developer";
				GCC_PREFIX_HEADER = TracksDemo/TracksDemo_Prefix.pch;
				INFOPLIST_FILE = TracksDemo/Info.plist;
				IPHONEOS_DEPLOYMENT_TARGET = 13.0;
				LD_RUNPATH_SEARCH_PATHS = (
					"$(inherited)",
					"@executable_path/Frameworks",
				);
				PRODUCT_BUNDLE_IDENTIFIER = "com.automattic.$(PRODUCT_NAME:rfc1034identifier)";
				PRODUCT_NAME = "$(TARGET_NAME)";
				PROVISIONING_PROFILE = "";
				SWIFT_OBJC_BRIDGING_HEADER = "TracksDemo/TracksDemo-Bridging-Header.h";
				SWIFT_VERSION = 5.0;
			};
			name = Release;
		};
		937632B51AC2026900086BC6 /* Debug */ = {
			isa = XCBuildConfiguration;
			buildSettings = {
				ALWAYS_EMBED_SWIFT_STANDARD_LIBRARIES = YES;
				BUNDLE_LOADER = "$(TEST_HOST)";
				FRAMEWORK_SEARCH_PATHS = (
					"$(SDKROOT)/Developer/Library/Frameworks",
					"$(inherited)",
				);
				GCC_PREPROCESSOR_DEFINITIONS = (
					"DEBUG=1",
					"$(inherited)",
				);
				INFOPLIST_FILE = TracksDemoTests/Info.plist;
				LD_RUNPATH_SEARCH_PATHS = (
					"$(inherited)",
					"@executable_path/Frameworks",
					"@loader_path/Frameworks",
				);
				PRODUCT_BUNDLE_IDENTIFIER = "com.automattic.$(PRODUCT_NAME:rfc1034identifier)";
				PRODUCT_NAME = "$(TARGET_NAME)";
				TEST_HOST = "$(BUILT_PRODUCTS_DIR)/TracksDemo.app/TracksDemo";
			};
			name = Debug;
		};
		937632B61AC2026900086BC6 /* Release */ = {
			isa = XCBuildConfiguration;
			buildSettings = {
				ALWAYS_EMBED_SWIFT_STANDARD_LIBRARIES = YES;
				BUNDLE_LOADER = "$(TEST_HOST)";
				FRAMEWORK_SEARCH_PATHS = (
					"$(SDKROOT)/Developer/Library/Frameworks",
					"$(inherited)",
				);
				INFOPLIST_FILE = TracksDemoTests/Info.plist;
				LD_RUNPATH_SEARCH_PATHS = (
					"$(inherited)",
					"@executable_path/Frameworks",
					"@loader_path/Frameworks",
				);
				PRODUCT_BUNDLE_IDENTIFIER = "com.automattic.$(PRODUCT_NAME:rfc1034identifier)";
				PRODUCT_NAME = "$(TARGET_NAME)";
				TEST_HOST = "$(BUILT_PRODUCTS_DIR)/TracksDemo.app/TracksDemo";
			};
			name = Release;
		};
		F936770621DFFDC800323458 /* Debug */ = {
			isa = XCBuildConfiguration;
			buildSettings = {
				ASSETCATALOG_COMPILER_APPICON_NAME = AppIcon;
				CLANG_ANALYZER_NONNULL = YES;
				CLANG_ANALYZER_NUMBER_OBJECT_CONVERSION = YES_AGGRESSIVE;
				CLANG_CXX_LANGUAGE_STANDARD = "gnu++14";
				CLANG_ENABLE_OBJC_WEAK = YES;
				CLANG_WARN_DOCUMENTATION_COMMENTS = YES;
				CLANG_WARN_UNGUARDED_AVAILABILITY = YES_AGGRESSIVE;
				CODE_SIGN_ENTITLEMENTS = "TracksDemo Mac/TracksDemo Mac.entitlements";
				CODE_SIGN_IDENTITY = "-";
				CODE_SIGN_STYLE = Manual;
				COMBINE_HIDPI_IMAGES = YES;
				DEBUG_INFORMATION_FORMAT = dwarf;
				DEVELOPMENT_TEAM = "";
				GCC_C_LANGUAGE_STANDARD = gnu11;
				INFOPLIST_FILE = "TracksDemo Mac/Info.plist";
				LD_RUNPATH_SEARCH_PATHS = (
					"$(inherited)",
					"@executable_path/../Frameworks",
				);
				MACOSX_DEPLOYMENT_TARGET = 10.15;
				MTL_ENABLE_DEBUG_INFO = INCLUDE_SOURCE;
				MTL_FAST_MATH = YES;
				PRODUCT_BUNDLE_IDENTIFIER = "com.automattic.TracksDemo-Mac";
				PRODUCT_NAME = "$(TARGET_NAME)";
				PROVISIONING_PROFILE_SPECIFIER = "";
				SDKROOT = macosx;
				SWIFT_ACTIVE_COMPILATION_CONDITIONS = DEBUG;
				SWIFT_OPTIMIZATION_LEVEL = "-Onone";
				SWIFT_VERSION = 4.2;
			};
			name = Debug;
		};
		F936770721DFFDC800323458 /* Release */ = {
			isa = XCBuildConfiguration;
			buildSettings = {
				ASSETCATALOG_COMPILER_APPICON_NAME = AppIcon;
				CLANG_ANALYZER_NONNULL = YES;
				CLANG_ANALYZER_NUMBER_OBJECT_CONVERSION = YES_AGGRESSIVE;
				CLANG_CXX_LANGUAGE_STANDARD = "gnu++14";
				CLANG_ENABLE_OBJC_WEAK = YES;
				CLANG_WARN_DOCUMENTATION_COMMENTS = YES;
				CLANG_WARN_UNGUARDED_AVAILABILITY = YES_AGGRESSIVE;
				CODE_SIGN_ENTITLEMENTS = "TracksDemo Mac/TracksDemo Mac.entitlements";
				CODE_SIGN_IDENTITY = "-";
				CODE_SIGN_STYLE = Manual;
				COMBINE_HIDPI_IMAGES = YES;
				DEBUG_INFORMATION_FORMAT = "dwarf-with-dsym";
				DEVELOPMENT_TEAM = "";
				GCC_C_LANGUAGE_STANDARD = gnu11;
				INFOPLIST_FILE = "TracksDemo Mac/Info.plist";
				LD_RUNPATH_SEARCH_PATHS = (
					"$(inherited)",
					"@executable_path/../Frameworks",
				);
				MACOSX_DEPLOYMENT_TARGET = 10.15;
				MTL_FAST_MATH = YES;
				PRODUCT_BUNDLE_IDENTIFIER = "com.automattic.TracksDemo-Mac";
				PRODUCT_NAME = "$(TARGET_NAME)";
				PROVISIONING_PROFILE_SPECIFIER = "";
				SDKROOT = macosx;
				SWIFT_COMPILATION_MODE = wholemodule;
				SWIFT_OPTIMIZATION_LEVEL = "-O";
				SWIFT_VERSION = 4.2;
			};
			name = Release;
		};
/* End XCBuildConfiguration section */

/* Begin XCConfigurationList section */
		937632891AC2026900086BC6 /* Build configuration list for PBXProject "TracksDemo" */ = {
			isa = XCConfigurationList;
			buildConfigurations = (
				937632AF1AC2026900086BC6 /* Debug */,
				937632B01AC2026900086BC6 /* Release */,
			);
			defaultConfigurationIsVisible = 0;
			defaultConfigurationName = Release;
		};
		937632B11AC2026900086BC6 /* Build configuration list for PBXNativeTarget "TracksDemo" */ = {
			isa = XCConfigurationList;
			buildConfigurations = (
				937632B21AC2026900086BC6 /* Debug */,
				937632B31AC2026900086BC6 /* Release */,
			);
			defaultConfigurationIsVisible = 0;
			defaultConfigurationName = Release;
		};
		937632B41AC2026900086BC6 /* Build configuration list for PBXNativeTarget "TracksDemoTests" */ = {
			isa = XCConfigurationList;
			buildConfigurations = (
				937632B51AC2026900086BC6 /* Debug */,
				937632B61AC2026900086BC6 /* Release */,
			);
			defaultConfigurationIsVisible = 0;
			defaultConfigurationName = Release;
		};
		F936770521DFFDC800323458 /* Build configuration list for PBXNativeTarget "TracksDemo Mac" */ = {
			isa = XCConfigurationList;
			buildConfigurations = (
				F936770621DFFDC800323458 /* Debug */,
				F936770721DFFDC800323458 /* Release */,
			);
			defaultConfigurationIsVisible = 0;
			defaultConfigurationName = Release;
		};
/* End XCConfigurationList section */

/* Begin XCRemoteSwiftPackageReference section */
		B76FDFDC26BC5E150059054B /* XCRemoteSwiftPackageReference "CocoaLumberjack" */ = {
			isa = XCRemoteSwiftPackageReference;
			repositoryURL = "https://github.com/CocoaLumberjack/CocoaLumberjack.git";
			requirement = {
				kind = upToNextMajorVersion;
				minimumVersion = 3.7.2;
			};
		};
/* End XCRemoteSwiftPackageReference section */

/* Begin XCSwiftPackageProductDependency section */
		B76FDFD826BC5DB90059054B /* AutomatticTracks */ = {
			isa = XCSwiftPackageProductDependency;
			productName = AutomatticTracks;
		};
		B76FDFDA26BC5DC20059054B /* AutomatticTracks */ = {
			isa = XCSwiftPackageProductDependency;
			productName = AutomatticTracks;
		};
		B76FDFDD26BC5E150059054B /* CocoaLumberjack */ = {
			isa = XCSwiftPackageProductDependency;
			package = B76FDFDC26BC5E150059054B /* XCRemoteSwiftPackageReference "CocoaLumberjack" */;
			productName = CocoaLumberjack;
		};
/* End XCSwiftPackageProductDependency section */
	};
	rootObject = 937632861AC2026900086BC6 /* Project object */;
}
